Microsoft Visual Studio Solution File, Format Version 9.00
# Visual Studio 2005
Project("{8BC9CEB8-8B4A-11D0-8D11-00A0C91BC942}") = "OSGAnimation", "..\Builds\Windows\OSGAnimation.vcproj", "{77623743-1948-4AC4-8227-7FF6072BD16F}"
EndProject
Project("{8BC9CEB8-8B4A-11D0-8D11-00A0C91BC942}") = "OSGInput", "..\..\Input\Builds\Windows\OSGInput.vcproj", "{61151B1E-8A6D-465E-8C71-7E1578BA2393}"
EndProject
Project("{8BC9CEB8-8B4A-11D0-8D11-00A0C91BC942}") = "10SkeletonDrawer", "10SkeletonDrawer.vcproj", "{919E4AE1-FA11-45F6-A1DB-7003C8CD3207}"
EndProject
Project("{8BC9CEB8-8B4A-11D0-8D11-00A0C91BC942}") = "OSGToolbox", "..\..\Toolbox\Builds\Windows\OSGToolbox.vcproj", "{754AE60E-7EFA-4594-AD85-38162C5ED0B2}"
EndProject
Project("{8BC9CEB8-8B4A-11D0-8D11-00A0C91BC942}") = "11BoneAnimation", "11BoneAnimation.vcproj", "{54E379D2-C481-48F7-932F-A0689899664C}"
EndProject
Project("{8BC9CEB8-8B4A-11D0-8D11-00A0C91BC942}") = "12SkeletonAnimation", "12SkeletonAnimation.vcproj", "{1661F191-8191-4D96-A961-D44495177C41}"
EndProject
Project("{8BC9CEB8-8B4A-11D0-8D11-00A0C91BC942}") = "13MeshBlending", "13MeshBlending.vcproj", "{E0535F41-1DCF-4676-B786-6F728EFB0DFE}"
EndProject
Project("{8BC9CEB8-8B4A-11D0-8D11-00A0C91BC942}") = "14SkeletonLoader", "14SkeletonLoader.vcproj", "{F2B687AC-DE9D-486D-B17C-33F1D93C51E7}"
EndProject
Project("{8BC9CEB8-8B4A-11D0-8D11-00A0C91BC942}") = "01Animation", "01Animation.vcproj", "{77B9137E-1E52-4B51-B5D3-6ECC6694B5FC}"
EndProject
Project("{8BC9CEB8-8B4A-11D0-8D11-00A0C91BC942}") = "02BlendGeometry", "02BlendGeometry.vcproj", "{E5397FC4-F931-4C04-8417-5BA7135EA840}"
EndProject
Project("{8BC9CEB8-8B4A-11D0-8D11-00A0C91BC942}") = "OSGDynamics", "..\..\Dynamics\Builds\Windows\OSGDynamics.vcproj", "{F6665DB1-A8B5-448B-9668-9F7A7EA9E496}"
EndProject
Project("{8BC9CEB8-8B4A-11D0-8D11-00A0C91BC942}") = "OSGUserInterface", "..\..\UserInterface\Builds\Windows\OSGUserInterface.vcproj", "{A1522E75-3430-4B6C-883C-935732C315D3}"
EndProject
Project("{8BC9CEB8-8B4A-11D0-8D11-00A0C91BC942}") = "03MFieldAnimation", "03MFieldAnimation.vcproj", "{C3F5FCE2-C28E-4CF9-B58C-DA5ACAEF5CAB}"
EndProject
Project("{8BC9CEB8-8B4A-11D0-8D11-00A0C91BC942}") = "04ShaderAnimation", "04ShaderAnimation.vcproj", "{F959AA31-C66E-4F25-BD8B-47E9681DD040}"
EndProject
Project("{8BC9CEB8-8B4A-11D0-8D11-00A0C91BC942}") = "15LoadXMLAnimation", "15LoadXMLAnimation.vcproj", "{66E2C0CB-836C-44F1-9FF9-67AB1AC23583}"
EndProject
Project("{8BC9CEB8-8B4A-11D0-8D11-00A0C91BC942}") = "16LoadXMLSkeleton", "16LoadXMLSkeleton.vcproj", "{B72618FF-2010-4DDA-8747-888EB14DF988}"
EndProject
Global
	GlobalSection(SolutionConfigurationPlatforms) = preSolution
		Debug|Win32 = Debug|Win32
		Release|Win32 = Release|Win32
	EndGlobalSection
	GlobalSection(ProjectConfigurationPlatforms) = postSolution
		{77623743-1948-4AC4-8227-7FF6072BD16F}.Debug|Win32.ActiveCfg = Debug|Win32
		{77623743-1948-4AC4-8227-7FF6072BD16F}.Debug|Win32.Build.0 = Debug|Win32
		{77623743-1948-4AC4-8227-7FF6072BD16F}.Release|Win32.ActiveCfg = Release|Win32
		{77623743-1948-4AC4-8227-7FF6072BD16F}.Release|Win32.Build.0 = Release|Win32
		{61151B1E-8A6D-465E-8C71-7E1578BA2393}.Debug|Win32.ActiveCfg = Debug|Win32
		{61151B1E-8A6D-465E-8C71-7E1578BA2393}.Debug|Win32.Build.0 = Debug|Win32
		{61151B1E-8A6D-465E-8C71-7E1578BA2393}.Release|Win32.ActiveCfg = Release|Win32
		{61151B1E-8A6D-465E-8C71-7E1578BA2393}.Release|Win32.Build.0 = Release|Win32
		{919E4AE1-FA11-45F6-A1DB-7003C8CD3207}.Debug|Win32.ActiveCfg = Debug|Win32
		{919E4AE1-FA11-45F6-A1DB-7003C8CD3207}.Debug|Win32.Build.0 = Debug|Win32
		{919E4AE1-FA11-45F6-A1DB-7003C8CD3207}.Release|Win32.ActiveCfg = Release|Win32
		{919E4AE1-FA11-45F6-A1DB-7003C8CD3207}.Release|Win32.Build.0 = Release|Win32
		{754AE60E-7EFA-4594-AD85-38162C5ED0B2}.Debug|Win32.ActiveCfg = Debug|Win32
		{754AE60E-7EFA-4594-AD85-38162C5ED0B2}.Debug|Win32.Build.0 = Debug|Win32
		{754AE60E-7EFA-4594-AD85-38162C5ED0B2}.Release|Win32.ActiveCfg = Release|Win32
		{754AE60E-7EFA-4594-AD85-38162C5ED0B2}.Release|Win32.Build.0 = Release|Win32
		{54E379D2-C481-48F7-932F-A0689899664C}.Debug|Win32.ActiveCfg = Debug|Win32
		{54E379D2-C481-48F7-932F-A0689899664C}.Debug|Win32.Build.0 = Debug|Win32
		{54E379D2-C481-48F7-932F-A0689899664C}.Release|Win32.ActiveCfg = Release|Win32
		{54E379D2-C481-48F7-932F-A0689899664C}.Release|Win32.Build.0 = Release|Win32
		{1661F191-8191-4D96-A961-D44495177C41}.Debug|Win32.ActiveCfg = Debug|Win32
		{1661F191-8191-4D96-A961-D44495177C41}.Debug|Win32.Build.0 = Debug|Win32
		{1661F191-8191-4D96-A961-D44495177C41}.Release|Win32.ActiveCfg = Release|Win32
		{1661F191-8191-4D96-A961-D44495177C41}.Release|Win32.Build.0 = Release|Win32
		{E0535F41-1DCF-4676-B786-6F728EFB0DFE}.Debug|Win32.ActiveCfg = Debug|Win32
		{E0535F41-1DCF-4676-B786-6F728EFB0DFE}.Debug|Win32.Build.0 = Debug|Win32
		{E0535F41-1DCF-4676-B786-6F728EFB0DFE}.Release|Win32.ActiveCfg = Release|Win32
		{E0535F41-1DCF-4676-B786-6F728EFB0DFE}.Release|Win32.Build.0 = Release|Win32
		{F2B687AC-DE9D-486D-B17C-33F1D93C51E7}.Debug|Win32.ActiveCfg = Debug|Win32
		{F2B687AC-DE9D-486D-B17C-33F1D93C51E7}.Debug|Win32.Build.0 = Debug|Win32
		{F2B687AC-DE9D-486D-B17C-33F1D93C51E7}.Release|Win32.ActiveCfg = Release|Win32
		{F2B687AC-DE9D-486D-B17C-33F1D93C51E7}.Release|Win32.Build.0 = Release|Win32
		{77B9137E-1E52-4B51-B5D3-6ECC6694B5FC}.Debug|Win32.ActiveCfg = Debug|Win32
		{77B9137E-1E52-4B51-B5D3-6ECC6694B5FC}.Debug|Win32.Build.0 = Debug|Win32
		{77B9137E-1E52-4B51-B5D3-6ECC6694B5FC}.Release|Win32.ActiveCfg = Release|Win32
		{77B9137E-1E52-4B51-B5D3-6ECC6694B5FC}.Release|Win32.Build.0 = Release|Win32
		{E5397FC4-F931-4C04-8417-5BA7135EA840}.Debug|Win32.ActiveCfg = Debug|Win32
		{E5397FC4-F931-4C04-8417-5BA7135EA840}.Debug|Win32.Build.0 = Debug|Win32
		{E5397FC4-F931-4C04-8417-5BA7135EA840}.Release|Win32.ActiveCfg = Release|Win32
		{E5397FC4-F931-4C04-8417-5BA7135EA840}.Release|Win32.Build.0 = Release|Win32
		{F6665DB1-A8B5-448B-9668-9F7A7EA9E496}.Debug|Win32.ActiveCfg = Debug|Win32
		{F6665DB1-A8B5-448B-9668-9F7A7EA9E496}.Debug|Win32.Build.0 = Debug|Win32
		{F6665DB1-A8B5-448B-9668-9F7A7EA9E496}.Release|Win32.ActiveCfg = Release|Win32
		{F6665DB1-A8B5-448B-9668-9F7A7EA9E496}.Release|Win32.Build.0 = Release|Win32
		{A1522E75-3430-4B6C-883C-935732C315D3}.Debug|Win32.ActiveCfg = Debug|Win32
		{A1522E75-3430-4B6C-883C-935732C315D3}.Debug|Win32.Build.0 = Debug|Win32
		{A1522E75-3430-4B6C-883C-935732C315D3}.Release|Win32.ActiveCfg = Release|Win32
		{A1522E75-3430-4B6C-883C-935732C315D3}.Release|Win32.Build.0 = Release|Win32
		{C3F5FCE2-C28E-4CF9-B58C-DA5ACAEF5CAB}.Debug|Win32.ActiveCfg = Debug|Win32
		{C3F5FCE2-C28E-4CF9-B58C-DA5ACAEF5CAB}.Debug|Win32.Build.0 = Debug|Win32
		{C3F5FCE2-C28E-4CF9-B58C-DA5ACAEF5CAB}.Release|Win32.ActiveCfg = Release|Win32
		{C3F5FCE2-C28E-4CF9-B58C-DA5ACAEF5CAB}.Release|Win32.Build.0 = Release|Win32
		{F959AA31-C66E-4F25-BD8B-47E9681DD040}.Debug|Win32.ActiveCfg = Debug|Win32
		{F959AA31-C66E-4F25-BD8B-47E9681DD040}.Debug|Win32.Build.0 = Debug|Win32
		{F959AA31-C66E-4F25-BD8B-47E9681DD040}.Release|Win32.ActiveCfg = Release|Win32
		{F959AA31-C66E-4F25-BD8B-47E9681DD040}.Release|Win32.Build.0 = Release|Win32
		{66E2C0CB-836C-44F1-9FF9-67AB1AC23583}.Debug|Win32.ActiveCfg = Debug|Win32
		{66E2C0CB-836C-44F1-9FF9-67AB1AC23583}.Debug|Win32.Build.0 = Debug|Win32
		{66E2C0CB-836C-44F1-9FF9-67AB1AC23583}.Release|Win32.ActiveCfg = Release|Win32
		{66E2C0CB-836C-44F1-9FF9-67AB1AC23583}.Release|Win32.Build.0 = Release|Win32
		{B72618FF-2010-4DDA-8747-888EB14DF988}.Debug|Win32.ActiveCfg = Debug|Win32
		{B72618FF-2010-4DDA-8747-888EB14DF988}.Debug|Win32.Build.0 = Debug|Win32
		{B72618FF-2010-4DDA-8747-888EB14DF988}.Release|Win32.ActiveCfg = Release|Win32
		{B72618FF-2010-4DDA-8747-888EB14DF988}.Release|Win32.Build.0 = Release|Win32
	EndGlobalSection
	GlobalSection(SolutionProperties) = preSolution
		HideSolutionNode = FALSE
	EndGlobalSection
EndGlobal
