Microsoft Visual Studio Solution File, Format Version 9.00
# Visual Studio 2005
Project("{8BC9CEB8-8B4A-11D0-8D11-00A0C91BC942}") = "OSGParticleSystem", "..\Builds\Windows\OSGParticleSystem.vcproj", "{A174CC91-1700-4B4F-B193-1E7FAB4C59CA}"
EndProject
Project("{8BC9CEB8-8B4A-11D0-8D11-00A0C91BC942}") = "01ParticleSystemDrawers", "01ParticleSystemDrawers.vcproj", "{77623743-1948-4AC4-8227-7FF6072BD16F}"
EndProject
Project("{8BC9CEB8-8B4A-11D0-8D11-00A0C91BC942}") = "OSGDynamics", "..\..\Dynamics\Builds\Windows\OSGDynamics.vcproj", "{F6665DB1-A8B5-448B-9668-9F7A7EA9E496}"
EndProject
Project("{8BC9CEB8-8B4A-11D0-8D11-00A0C91BC942}") = "OSGToolbox", "..\..\Toolbox\Builds\Windows\OSGToolbox.vcproj", "{754AE60E-7EFA-4594-AD85-38162C5ED0B2}"
EndProject
Project("{8BC9CEB8-8B4A-11D0-8D11-00A0C91BC942}") = "02DynamicDistributions", "02DynamicDistributions.vcproj", "{B901669A-0006-4A63-BD8E-E0BF63966DA7}"
EndProject
Project("{8BC9CEB8-8B4A-11D0-8D11-00A0C91BC942}") = "02AgeFadeAffector", "02AgeFadeAffector.vcproj", "{C3AD4731-EE23-4CDF-8B22-16F658BE0B7A}"
EndProject
Project("{8BC9CEB8-8B4A-11D0-8D11-00A0C91BC942}") = "03RateParticleGenerator", "03RateParticleGenerator.vcproj", "{D744D5BE-A147-45E8-B1B7-798C3ABB8BA7}"
EndProject
Project("{8BC9CEB8-8B4A-11D0-8D11-00A0C91BC942}") = "04BurstParticleGenerator", "04BurstParticleGenerator.vcproj", "{EE6D9A7F-ED61-4398-A220-F36A69EE8129}"
EndProject
Project("{8BC9CEB8-8B4A-11D0-8D11-00A0C91BC942}") = "05QuadParticleDrawer", "05QuadParticleDrawer.vcproj", "{15B252C4-DB8C-43F6-AC5E-28D3B31D469B}"
EndProject
Project("{8BC9CEB8-8B4A-11D0-8D11-00A0C91BC942}") = "06Explosion", "06Explosion.vcproj", "{95262944-428E-4851-ABAF-AC2D85217E02}"
EndProject
Project("{8BC9CEB8-8B4A-11D0-8D11-00A0C91BC942}") = "07AgeSizeParticleAffector", "07AgeSizeParticleAffector.vcproj", "{9CA6A58A-9EED-442E-A44F-BB0A0B4FF1DE}"
EndProject
Project("{8BC9CEB8-8B4A-11D0-8D11-00A0C91BC942}") = "08DistanceFadeAffector", "08DistanceFadeAffector.vcproj", "{BEB47100-944E-4004-AF0A-2C44B0243503}"
EndProject
Project("{8BC9CEB8-8B4A-11D0-8D11-00A0C91BC942}") = "09DistanceKillParticleAffector", "09DistanceKillParticleAffector.vcproj", "{B838A4F7-ABEC-4900-B5BB-A66889573826}"
EndProject
Project("{8BC9CEB8-8B4A-11D0-8D11-00A0C91BC942}") = "11DistanceAttractRepelParticleAffector", "11DistanceAttractRepelParticleAffector.vcproj", "{78008FF7-0647-4049-87BC-19B01FD6EB1F}"
EndProject
Project("{8BC9CEB8-8B4A-11D0-8D11-00A0C91BC942}") = "10GravityParticleSystemAffector", "10GravityParticleSystemAffector.vcproj", "{F80B5B73-CCD9-4154-88D7-D773948BFD60}"
EndProject
Project("{8BC9CEB8-8B4A-11D0-8D11-00A0C91BC942}") = "12NodeParticleDrawer", "12NodeParticleDrawer.vcproj", "{0E5BCFF5-30C3-4317-AE1F-B3C0955D532B}"
EndProject
Project("{8BC9CEB8-8B4A-11D0-8D11-00A0C91BC942}") = "20RocketLauncher", "20RocketLauncher.vcproj", "{0C95C205-F232-45FB-B2FB-4F240AE3E3EE}"
EndProject
Project("{8BC9CEB8-8B4A-11D0-8D11-00A0C91BC942}") = "13GeometryCollision", "13GeometryCollision.vcproj", "{0305133F-682A-4248-8082-26FBC0E535CA}"
EndProject
Project("{8BC9CEB8-8B4A-11D0-8D11-00A0C91BC942}") = "21Fireworks", "21Fireworks.vcproj", "{8C528106-7D19-42C9-929D-845D26B5CCBC}"
EndProject
Project("{8BC9CEB8-8B4A-11D0-8D11-00A0C91BC942}") = "OSGInput", "..\..\Input\Builds\Windows\OSGInput.vcproj", "{61151B1E-8A6D-465E-8C71-7E1578BA2393}"
EndProject
Project("{8BC9CEB8-8B4A-11D0-8D11-00A0C91BC942}") = "14ParticleSorting", "14ParticleSorting.vcproj", "{8640C8C1-71F1-4440-A223-186BCB862DD6}"
EndProject
Project("{8BC9CEB8-8B4A-11D0-8D11-00A0C91BC942}") = "15FCFileTypeIO", "15FCFileTypeIO.vcproj", "{676FF377-479C-4FE9-BF91-DCF801D6AA0D}"
EndProject
Project("{8BC9CEB8-8B4A-11D0-8D11-00A0C91BC942}") = "16FullTest", "16FullTest.vcproj", "{99CBFFA1-E5DC-4926-BD00-77C9A65430D9}"
EndProject
Project("{8BC9CEB8-8B4A-11D0-8D11-00A0C91BC942}") = "17RandomMovement", "17RandomMovement.vcproj", "{D10BC53F-E5E4-49DF-9241-8448BF7CBB11}"
EndProject
Project("{8BC9CEB8-8B4A-11D0-8D11-00A0C91BC942}") = "18GravityFieldParticleAffector", "18GravityFieldParticleAffector.vcproj", "{81BFB31E-8F55-498C-9C38-F958E388F1BE}"
EndProject
Global
	GlobalSection(SolutionConfigurationPlatforms) = preSolution
		Debug|Win32 = Debug|Win32
		Release|Win32 = Release|Win32
	EndGlobalSection
	GlobalSection(ProjectConfigurationPlatforms) = postSolution
		{A174CC91-1700-4B4F-B193-1E7FAB4C59CA}.Debug|Win32.ActiveCfg = Debug|Win32
		{A174CC91-1700-4B4F-B193-1E7FAB4C59CA}.Debug|Win32.Build.0 = Debug|Win32
		{A174CC91-1700-4B4F-B193-1E7FAB4C59CA}.Release|Win32.ActiveCfg = Release|Win32
		{A174CC91-1700-4B4F-B193-1E7FAB4C59CA}.Release|Win32.Build.0 = Release|Win32
		{77623743-1948-4AC4-8227-7FF6072BD16F}.Debug|Win32.ActiveCfg = Debug|Win32
		{77623743-1948-4AC4-8227-7FF6072BD16F}.Debug|Win32.Build.0 = Debug|Win32
		{77623743-1948-4AC4-8227-7FF6072BD16F}.Release|Win32.ActiveCfg = Release|Win32
		{77623743-1948-4AC4-8227-7FF6072BD16F}.Release|Win32.Build.0 = Release|Win32
		{F6665DB1-A8B5-448B-9668-9F7A7EA9E496}.Debug|Win32.ActiveCfg = Debug|Win32
		{F6665DB1-A8B5-448B-9668-9F7A7EA9E496}.Debug|Win32.Build.0 = Debug|Win32
		{F6665DB1-A8B5-448B-9668-9F7A7EA9E496}.Release|Win32.ActiveCfg = Release|Win32
		{F6665DB1-A8B5-448B-9668-9F7A7EA9E496}.Release|Win32.Build.0 = Release|Win32
		{754AE60E-7EFA-4594-AD85-38162C5ED0B2}.Debug|Win32.ActiveCfg = Debug|Win32
		{754AE60E-7EFA-4594-AD85-38162C5ED0B2}.Debug|Win32.Build.0 = Debug|Win32
		{754AE60E-7EFA-4594-AD85-38162C5ED0B2}.Release|Win32.ActiveCfg = Release|Win32
		{754AE60E-7EFA-4594-AD85-38162C5ED0B2}.Release|Win32.Build.0 = Release|Win32
		{B901669A-0006-4A63-BD8E-E0BF63966DA7}.Debug|Win32.ActiveCfg = Debug|Win32
		{B901669A-0006-4A63-BD8E-E0BF63966DA7}.Debug|Win32.Build.0 = Debug|Win32
		{B901669A-0006-4A63-BD8E-E0BF63966DA7}.Release|Win32.ActiveCfg = Release|Win32
		{B901669A-0006-4A63-BD8E-E0BF63966DA7}.Release|Win32.Build.0 = Release|Win32
		{C3AD4731-EE23-4CDF-8B22-16F658BE0B7A}.Debug|Win32.ActiveCfg = Debug|Win32
		{C3AD4731-EE23-4CDF-8B22-16F658BE0B7A}.Debug|Win32.Build.0 = Debug|Win32
		{C3AD4731-EE23-4CDF-8B22-16F658BE0B7A}.Release|Win32.ActiveCfg = Release|Win32
		{C3AD4731-EE23-4CDF-8B22-16F658BE0B7A}.Release|Win32.Build.0 = Release|Win32
		{D744D5BE-A147-45E8-B1B7-798C3ABB8BA7}.Debug|Win32.ActiveCfg = Debug|Win32
		{D744D5BE-A147-45E8-B1B7-798C3ABB8BA7}.Debug|Win32.Build.0 = Debug|Win32
		{D744D5BE-A147-45E8-B1B7-798C3ABB8BA7}.Release|Win32.ActiveCfg = Release|Win32
		{D744D5BE-A147-45E8-B1B7-798C3ABB8BA7}.Release|Win32.Build.0 = Release|Win32
		{EE6D9A7F-ED61-4398-A220-F36A69EE8129}.Debug|Win32.ActiveCfg = Debug|Win32
		{EE6D9A7F-ED61-4398-A220-F36A69EE8129}.Debug|Win32.Build.0 = Debug|Win32
		{EE6D9A7F-ED61-4398-A220-F36A69EE8129}.Release|Win32.ActiveCfg = Release|Win32
		{EE6D9A7F-ED61-4398-A220-F36A69EE8129}.Release|Win32.Build.0 = Release|Win32
		{15B252C4-DB8C-43F6-AC5E-28D3B31D469B}.Debug|Win32.ActiveCfg = Debug|Win32
		{15B252C4-DB8C-43F6-AC5E-28D3B31D469B}.Debug|Win32.Build.0 = Debug|Win32
		{15B252C4-DB8C-43F6-AC5E-28D3B31D469B}.Release|Win32.ActiveCfg = Release|Win32
		{15B252C4-DB8C-43F6-AC5E-28D3B31D469B}.Release|Win32.Build.0 = Release|Win32
		{95262944-428E-4851-ABAF-AC2D85217E02}.Debug|Win32.ActiveCfg = Debug|Win32
		{95262944-428E-4851-ABAF-AC2D85217E02}.Debug|Win32.Build.0 = Debug|Win32
		{95262944-428E-4851-ABAF-AC2D85217E02}.Release|Win32.ActiveCfg = Release|Win32
		{95262944-428E-4851-ABAF-AC2D85217E02}.Release|Win32.Build.0 = Release|Win32
		{9CA6A58A-9EED-442E-A44F-BB0A0B4FF1DE}.Debug|Win32.ActiveCfg = Debug|Win32
		{9CA6A58A-9EED-442E-A44F-BB0A0B4FF1DE}.Debug|Win32.Build.0 = Debug|Win32
		{9CA6A58A-9EED-442E-A44F-BB0A0B4FF1DE}.Release|Win32.ActiveCfg = Release|Win32
		{9CA6A58A-9EED-442E-A44F-BB0A0B4FF1DE}.Release|Win32.Build.0 = Release|Win32
		{BEB47100-944E-4004-AF0A-2C44B0243503}.Debug|Win32.ActiveCfg = Debug|Win32
		{BEB47100-944E-4004-AF0A-2C44B0243503}.Debug|Win32.Build.0 = Debug|Win32
		{BEB47100-944E-4004-AF0A-2C44B0243503}.Release|Win32.ActiveCfg = Release|Win32
		{BEB47100-944E-4004-AF0A-2C44B0243503}.Release|Win32.Build.0 = Release|Win32
		{B838A4F7-ABEC-4900-B5BB-A66889573826}.Debug|Win32.ActiveCfg = Debug|Win32
		{B838A4F7-ABEC-4900-B5BB-A66889573826}.Debug|Win32.Build.0 = Debug|Win32
		{B838A4F7-ABEC-4900-B5BB-A66889573826}.Release|Win32.ActiveCfg = Release|Win32
		{B838A4F7-ABEC-4900-B5BB-A66889573826}.Release|Win32.Build.0 = Release|Win32
		{78008FF7-0647-4049-87BC-19B01FD6EB1F}.Debug|Win32.ActiveCfg = Debug|Win32
		{78008FF7-0647-4049-87BC-19B01FD6EB1F}.Debug|Win32.Build.0 = Debug|Win32
		{78008FF7-0647-4049-87BC-19B01FD6EB1F}.Release|Win32.ActiveCfg = Release|Win32
		{78008FF7-0647-4049-87BC-19B01FD6EB1F}.Release|Win32.Build.0 = Release|Win32
		{F80B5B73-CCD9-4154-88D7-D773948BFD60}.Debug|Win32.ActiveCfg = Debug|Win32
		{F80B5B73-CCD9-4154-88D7-D773948BFD60}.Debug|Win32.Build.0 = Debug|Win32
		{F80B5B73-CCD9-4154-88D7-D773948BFD60}.Release|Win32.ActiveCfg = Release|Win32
		{F80B5B73-CCD9-4154-88D7-D773948BFD60}.Release|Win32.Build.0 = Release|Win32
		{0E5BCFF5-30C3-4317-AE1F-B3C0955D532B}.Debug|Win32.ActiveCfg = Debug|Win32
		{0E5BCFF5-30C3-4317-AE1F-B3C0955D532B}.Debug|Win32.Build.0 = Debug|Win32
		{0E5BCFF5-30C3-4317-AE1F-B3C0955D532B}.Release|Win32.ActiveCfg = Release|Win32
		{0E5BCFF5-30C3-4317-AE1F-B3C0955D532B}.Release|Win32.Build.0 = Release|Win32
		{0C95C205-F232-45FB-B2FB-4F240AE3E3EE}.Debug|Win32.ActiveCfg = Debug|Win32
		{0C95C205-F232-45FB-B2FB-4F240AE3E3EE}.Debug|Win32.Build.0 = Debug|Win32
		{0C95C205-F232-45FB-B2FB-4F240AE3E3EE}.Release|Win32.ActiveCfg = Release|Win32
		{0C95C205-F232-45FB-B2FB-4F240AE3E3EE}.Release|Win32.Build.0 = Release|Win32
		{0305133F-682A-4248-8082-26FBC0E535CA}.Debug|Win32.ActiveCfg = Debug|Win32
		{0305133F-682A-4248-8082-26FBC0E535CA}.Debug|Win32.Build.0 = Debug|Win32
		{0305133F-682A-4248-8082-26FBC0E535CA}.Release|Win32.ActiveCfg = Release|Win32
		{0305133F-682A-4248-8082-26FBC0E535CA}.Release|Win32.Build.0 = Release|Win32
		{8C528106-7D19-42C9-929D-845D26B5CCBC}.Debug|Win32.ActiveCfg = Debug|Win32
		{8C528106-7D19-42C9-929D-845D26B5CCBC}.Debug|Win32.Build.0 = Debug|Win32
		{8C528106-7D19-42C9-929D-845D26B5CCBC}.Release|Win32.ActiveCfg = Release|Win32
		{8C528106-7D19-42C9-929D-845D26B5CCBC}.Release|Win32.Build.0 = Release|Win32
		{61151B1E-8A6D-465E-8C71-7E1578BA2393}.Debug|Win32.ActiveCfg = Debug|Win32
		{61151B1E-8A6D-465E-8C71-7E1578BA2393}.Debug|Win32.Build.0 = Debug|Win32
		{61151B1E-8A6D-465E-8C71-7E1578BA2393}.Release|Win32.ActiveCfg = Release|Win32
		{61151B1E-8A6D-465E-8C71-7E1578BA2393}.Release|Win32.Build.0 = Release|Win32
		{8640C8C1-71F1-4440-A223-186BCB862DD6}.Debug|Win32.ActiveCfg = Debug|Win32
		{8640C8C1-71F1-4440-A223-186BCB862DD6}.Debug|Win32.Build.0 = Debug|Win32
		{8640C8C1-71F1-4440-A223-186BCB862DD6}.Release|Win32.ActiveCfg = Release|Win32
		{8640C8C1-71F1-4440-A223-186BCB862DD6}.Release|Win32.Build.0 = Release|Win32
		{676FF377-479C-4FE9-BF91-DCF801D6AA0D}.Debug|Win32.ActiveCfg = Debug|Win32
		{676FF377-479C-4FE9-BF91-DCF801D6AA0D}.Debug|Win32.Build.0 = Debug|Win32
		{676FF377-479C-4FE9-BF91-DCF801D6AA0D}.Release|Win32.ActiveCfg = Release|Win32
		{676FF377-479C-4FE9-BF91-DCF801D6AA0D}.Release|Win32.Build.0 = Release|Win32
		{99CBFFA1-E5DC-4926-BD00-77C9A65430D9}.Debug|Win32.ActiveCfg = Debug|Win32
		{99CBFFA1-E5DC-4926-BD00-77C9A65430D9}.Debug|Win32.Build.0 = Debug|Win32
		{99CBFFA1-E5DC-4926-BD00-77C9A65430D9}.Release|Win32.ActiveCfg = Release|Win32
		{99CBFFA1-E5DC-4926-BD00-77C9A65430D9}.Release|Win32.Build.0 = Release|Win32
		{D10BC53F-E5E4-49DF-9241-8448BF7CBB11}.Debug|Win32.ActiveCfg = Debug|Win32
		{D10BC53F-E5E4-49DF-9241-8448BF7CBB11}.Debug|Win32.Build.0 = Debug|Win32
		{D10BC53F-E5E4-49DF-9241-8448BF7CBB11}.Release|Win32.ActiveCfg = Release|Win32
		{D10BC53F-E5E4-49DF-9241-8448BF7CBB11}.Release|Win32.Build.0 = Release|Win32
		{81BFB31E-8F55-498C-9C38-F958E388F1BE}.Debug|Win32.ActiveCfg = Debug|Win32
		{81BFB31E-8F55-498C-9C38-F958E388F1BE}.Debug|Win32.Build.0 = Debug|Win32
		{81BFB31E-8F55-498C-9C38-F958E388F1BE}.Release|Win32.ActiveCfg = Release|Win32
		{81BFB31E-8F55-498C-9C38-F958E388F1BE}.Release|Win32.Build.0 = Release|Win32
	EndGlobalSection
	GlobalSection(SolutionProperties) = preSolution
		HideSolutionNode = FALSE
	EndGlobalSection
EndGlobal
