// !$*UTF8*$!
{
	archiveVersion = 1;
	classes = {
	};
	objectVersion = 42;
	objects = {

/* Begin PBXAggregateTarget section */
		D437832B0CF0B17E0062E3A4 /* OSGInput Aggregate */ = {
			isa = PBXAggregateTarget;
			buildConfigurationList = D43783360CF0B2110062E3A4 /* Build configuration list for PBXAggregateTarget "OSGInput Aggregate" */;
			buildPhases = (
			);
			dependencies = (
				D437832D0CF0B1890062E3A4 /* PBXTargetDependency */,
				D43783810CF0BF320062E3A4 /* PBXTargetDependency */,
				D437838A0CF0C07C0062E3A4 /* PBXTargetDependency */,
			);
			name = "OSGInput Aggregate";
			productName = "OSG Toolbox Aggregate";
		};
/* End PBXAggregateTarget section */

/* Begin PBXBuildFile section */
		D4BE3F7B0CF0D0DE0046BAE7 /* Carbon.framework in Frameworks */ = {isa = PBXBuildFile; fileRef = D4BE3F7A0CF0D0DE0046BAE7 /* Carbon.framework */; };
		D4BE3F7C0CF0D0DE0046BAE7 /* Carbon.framework in Frameworks */ = {isa = PBXBuildFile; fileRef = D4BE3F7A0CF0D0DE0046BAE7 /* Carbon.framework */; };
		D4BE3F840CF0D12B0046BAE7 /* AGL.framework in Frameworks */ = {isa = PBXBuildFile; fileRef = D4BE3F830CF0D12B0046BAE7 /* AGL.framework */; };
		D4BE3F850CF0D12B0046BAE7 /* AGL.framework in Frameworks */ = {isa = PBXBuildFile; fileRef = D4BE3F830CF0D12B0046BAE7 /* AGL.framework */; };
		D4BE3F8C0CF0D15C0046BAE7 /* QuickTime.framework in Frameworks */ = {isa = PBXBuildFile; fileRef = D4BE3F8B0CF0D15C0046BAE7 /* QuickTime.framework */; };
		D4BE3F8D0CF0D15C0046BAE7 /* QuickTime.framework in Frameworks */ = {isa = PBXBuildFile; fileRef = D4BE3F8B0CF0D15C0046BAE7 /* QuickTime.framework */; };
		D4BE410F0CF0D8500046BAE7 /* Carbon.framework in Frameworks */ = {isa = PBXBuildFile; fileRef = D4BE3F7A0CF0D0DE0046BAE7 /* Carbon.framework */; };
		D4BE41100CF0D8540046BAE7 /* AGL.framework in Frameworks */ = {isa = PBXBuildFile; fileRef = D4BE3F830CF0D12B0046BAE7 /* AGL.framework */; };
		D4BE41110CF0D8570046BAE7 /* QuickTime.framework in Frameworks */ = {isa = PBXBuildFile; fileRef = D4BE3F8B0CF0D15C0046BAE7 /* QuickTime.framework */; };
		D4BE41120CF0D8640046BAE7 /* 03DefaultWindow.cpp in Sources */ = {isa = PBXBuildFile; fileRef = D4BE40010CF0D56B0046BAE7 /* 03DefaultWindow.cpp */; };
		D4DD00000CF0CB6B00F00431 /* OSGKeyEvent.cpp in Sources */ = {isa = PBXBuildFile; fileRef = D4DDFF8F0CF0CB6B00F00431 /* OSGKeyEvent.cpp */; };
		D4DD00010CF0CB6B00F00431 /* OSGKeyEvent.h in Headers */ = {isa = PBXBuildFile; fileRef = D4DDFF900CF0CB6B00F00431 /* OSGKeyEvent.h */; };
		D4DD00020CF0CB6B00F00431 /* OSGKeyEventProducer.cpp in Sources */ = {isa = PBXBuildFile; fileRef = D4DDFF920CF0CB6B00F00431 /* OSGKeyEventProducer.cpp */; };
		D4DD00030CF0CB6B00F00431 /* OSGKeyEventProducer.h in Headers */ = {isa = PBXBuildFile; fileRef = D4DDFF930CF0CB6B00F00431 /* OSGKeyEventProducer.h */; };
		D4DD00040CF0CB6B00F00431 /* OSGKeyListener.h in Headers */ = {isa = PBXBuildFile; fileRef = D4DDFF950CF0CB6B00F00431 /* OSGKeyListener.h */; };
		D4DD00050CF0CB6B00F00431 /* OSGMouseAdapter.cpp in Sources */ = {isa = PBXBuildFile; fileRef = D4DDFF960CF0CB6B00F00431 /* OSGMouseAdapter.cpp */; };
		D4DD00060CF0CB6B00F00431 /* OSGMouseAdapter.h in Headers */ = {isa = PBXBuildFile; fileRef = D4DDFF970CF0CB6B00F00431 /* OSGMouseAdapter.h */; };
		D4DD00070CF0CB6B00F00431 /* OSGMouseEvent.cpp in Sources */ = {isa = PBXBuildFile; fileRef = D4DDFF980CF0CB6B00F00431 /* OSGMouseEvent.cpp */; };
		D4DD00080CF0CB6B00F00431 /* OSGMouseEvent.h in Headers */ = {isa = PBXBuildFile; fileRef = D4DDFF990CF0CB6B00F00431 /* OSGMouseEvent.h */; };
		D4DD00090CF0CB6B00F00431 /* OSGMouseEventProducer.cpp in Sources */ = {isa = PBXBuildFile; fileRef = D4DDFF9B0CF0CB6B00F00431 /* OSGMouseEventProducer.cpp */; };
		D4DD000A0CF0CB6B00F00431 /* OSGMouseEventProducer.h in Headers */ = {isa = PBXBuildFile; fileRef = D4DDFF9C0CF0CB6B00F00431 /* OSGMouseEventProducer.h */; };
		D4DD000B0CF0CB6B00F00431 /* OSGMouseListener.h in Headers */ = {isa = PBXBuildFile; fileRef = D4DDFF9E0CF0CB6B00F00431 /* OSGMouseListener.h */; };
		D4DD000C0CF0CB6B00F00431 /* OSGMouseMotionAdapter.cpp in Sources */ = {isa = PBXBuildFile; fileRef = D4DDFF9F0CF0CB6B00F00431 /* OSGMouseMotionAdapter.cpp */; };
		D4DD000D0CF0CB6B00F00431 /* OSGMouseMotionAdapter.h in Headers */ = {isa = PBXBuildFile; fileRef = D4DDFFA00CF0CB6B00F00431 /* OSGMouseMotionAdapter.h */; };
		D4DD000E0CF0CB6B00F00431 /* OSGMouseMotionEventProducer.cpp in Sources */ = {isa = PBXBuildFile; fileRef = D4DDFFA10CF0CB6B00F00431 /* OSGMouseMotionEventProducer.cpp */; };
		D4DD000F0CF0CB6B00F00431 /* OSGMouseMotionEventProducer.h in Headers */ = {isa = PBXBuildFile; fileRef = D4DDFFA20CF0CB6B00F00431 /* OSGMouseMotionEventProducer.h */; };
		D4DD00100CF0CB6B00F00431 /* OSGMouseMotionListener.h in Headers */ = {isa = PBXBuildFile; fileRef = D4DDFFA40CF0CB6B00F00431 /* OSGMouseMotionListener.h */; };
		D4DD00110CF0CB6B00F00431 /* OSGMouseWheelEvent.cpp in Sources */ = {isa = PBXBuildFile; fileRef = D4DDFFA50CF0CB6B00F00431 /* OSGMouseWheelEvent.cpp */; };
		D4DD00120CF0CB6B00F00431 /* OSGMouseWheelEvent.h in Headers */ = {isa = PBXBuildFile; fileRef = D4DDFFA60CF0CB6B00F00431 /* OSGMouseWheelEvent.h */; };
		D4DD00130CF0CB6B00F00431 /* OSGMouseWheelEventProducer.cpp in Sources */ = {isa = PBXBuildFile; fileRef = D4DDFFA80CF0CB6B00F00431 /* OSGMouseWheelEventProducer.cpp */; };
		D4DD00140CF0CB6B00F00431 /* OSGMouseWheelEventProducer.h in Headers */ = {isa = PBXBuildFile; fileRef = D4DDFFA90CF0CB6B00F00431 /* OSGMouseWheelEventProducer.h */; };
		D4DD00150CF0CB6B00F00431 /* OSGMouseWheelListener.h in Headers */ = {isa = PBXBuildFile; fileRef = D4DDFFAB0CF0CB6B00F00431 /* OSGMouseWheelListener.h */; };
		D4DD00160CF0CB6B00F00431 /* OSGUpdateEvent.cpp in Sources */ = {isa = PBXBuildFile; fileRef = D4DDFFAC0CF0CB6B00F00431 /* OSGUpdateEvent.cpp */; };
		D4DD00170CF0CB6B00F00431 /* OSGUpdateEvent.h in Headers */ = {isa = PBXBuildFile; fileRef = D4DDFFAD0CF0CB6B00F00431 /* OSGUpdateEvent.h */; };
		D4DD00180CF0CB6B00F00431 /* OSGUpdateListener.h in Headers */ = {isa = PBXBuildFile; fileRef = D4DDFFAF0CF0CB6B00F00431 /* OSGUpdateListener.h */; };
		D4DD00190CF0CB6B00F00431 /* OSGWindowAdapter.cpp in Sources */ = {isa = PBXBuildFile; fileRef = D4DDFFB00CF0CB6B00F00431 /* OSGWindowAdapter.cpp */; };
		D4DD001A0CF0CB6B00F00431 /* OSGWindowAdapter.h in Headers */ = {isa = PBXBuildFile; fileRef = D4DDFFB10CF0CB6B00F00431 /* OSGWindowAdapter.h */; };
		D4DD001B0CF0CB6B00F00431 /* OSGWindowEvent.cpp in Sources */ = {isa = PBXBuildFile; fileRef = D4DDFFB20CF0CB6B00F00431 /* OSGWindowEvent.cpp */; };
		D4DD001C0CF0CB6B00F00431 /* OSGWindowEvent.h in Headers */ = {isa = PBXBuildFile; fileRef = D4DDFFB30CF0CB6B00F00431 /* OSGWindowEvent.h */; };
		D4DD001D0CF0CB6B00F00431 /* OSGWindowListener.h in Headers */ = {isa = PBXBuildFile; fileRef = D4DDFFB50CF0CB6B00F00431 /* OSGWindowListener.h */; };
		D4DD001E0CF0CB6B00F00431 /* OSGInputDef.h in Headers */ = {isa = PBXBuildFile; fileRef = D4DDFFB60CF0CB6B00F00431 /* OSGInputDef.h */; };
		D4DD001F0CF0CB6B00F00431 /* OSGInputSettings.cpp in Sources */ = {isa = PBXBuildFile; fileRef = D4DDFFB70CF0CB6B00F00431 /* OSGInputSettings.cpp */; };
		D4DD00200CF0CB6B00F00431 /* OSGInputSettings.h in Headers */ = {isa = PBXBuildFile; fileRef = D4DDFFB80CF0CB6B00F00431 /* OSGInputSettings.h */; };
		D4DD00210CF0CB6B00F00431 /* OSGStringUtils.cpp in Sources */ = {isa = PBXBuildFile; fileRef = D4DDFFBB0CF0CB6B00F00431 /* OSGStringUtils.cpp */; };
		D4DD00220CF0CB6B00F00431 /* OSGStringUtils.h in Headers */ = {isa = PBXBuildFile; fileRef = D4DDFFBC0CF0CB6B00F00431 /* OSGStringUtils.h */; };
		D4DD00230CF0CB6B00F00431 /* OSGCarbonWindowEventProducer.cpp in Sources */ = {isa = PBXBuildFile; fileRef = D4DDFFC00CF0CB6B00F00431 /* OSGCarbonWindowEventProducer.cpp */; };
		D4DD00240CF0CB6B00F00431 /* OSGCarbonWindowEventProducer.h in Headers */ = {isa = PBXBuildFile; fileRef = D4DDFFC10CF0CB6B00F00431 /* OSGCarbonWindowEventProducer.h */; };
		D4DD00250CF0CB6B00F00431 /* OSGCarbonWindowEventProducerBase.cpp in Sources */ = {isa = PBXBuildFile; fileRef = D4DDFFC30CF0CB6B00F00431 /* OSGCarbonWindowEventProducerBase.cpp */; };
		D4DD00260CF0CB6B00F00431 /* OSGCarbonWindowEventProducerBase.h in Headers */ = {isa = PBXBuildFile; fileRef = D4DDFFC40CF0CB6B00F00431 /* OSGCarbonWindowEventProducerBase.h */; };
		D4DD00270CF0CB6B00F00431 /* OSGCarbonWindowEventProducerFields.h in Headers */ = {isa = PBXBuildFile; fileRef = D4DDFFC60CF0CB6B00F00431 /* OSGCarbonWindowEventProducerFields.h */; };
		D4DD00280CF0CB6B00F00431 /* OSGGLUTWindowEventProducer.cpp in Sources */ = {isa = PBXBuildFile; fileRef = D4DDFFCB0CF0CB6B00F00431 /* OSGGLUTWindowEventProducer.cpp */; };
		D4DD00290CF0CB6B00F00431 /* OSGGLUTWindowEventProducer.h in Headers */ = {isa = PBXBuildFile; fileRef = D4DDFFCC0CF0CB6B00F00431 /* OSGGLUTWindowEventProducer.h */; };
		D4DD002A0CF0CB6B00F00431 /* OSGGLUTWindowEventProducerBase.cpp in Sources */ = {isa = PBXBuildFile; fileRef = D4DDFFCE0CF0CB6B00F00431 /* OSGGLUTWindowEventProducerBase.cpp */; };
		D4DD002B0CF0CB6B00F00431 /* OSGGLUTWindowEventProducerBase.h in Headers */ = {isa = PBXBuildFile; fileRef = D4DDFFCF0CF0CB6B00F00431 /* OSGGLUTWindowEventProducerBase.h */; };
		D4DD002C0CF0CB6B00F00431 /* OSGGLUTWindowEventProducerFields.h in Headers */ = {isa = PBXBuildFile; fileRef = D4DDFFD10CF0CB6B00F00431 /* OSGGLUTWindowEventProducerFields.h */; };
		D4DD002D0CF0CB6B00F00431 /* OSGWindowEventProducer.cpp in Sources */ = {isa = PBXBuildFile; fileRef = D4DDFFD20CF0CB6B00F00431 /* OSGWindowEventProducer.cpp */; };
		D4DD002E0CF0CB6B00F00431 /* OSGWindowEventProducer.h in Headers */ = {isa = PBXBuildFile; fileRef = D4DDFFD30CF0CB6B00F00431 /* OSGWindowEventProducer.h */; };
		D4DD002F0CF0CB6B00F00431 /* OSGWindowEventProducerBase.cpp in Sources */ = {isa = PBXBuildFile; fileRef = D4DDFFD50CF0CB6B00F00431 /* OSGWindowEventProducerBase.cpp */; };
		D4DD00300CF0CB6B00F00431 /* OSGWindowEventProducerBase.h in Headers */ = {isa = PBXBuildFile; fileRef = D4DDFFD60CF0CB6B00F00431 /* OSGWindowEventProducerBase.h */; };
		D4DD00310CF0CB6B00F00431 /* OSGWindowEventProducerFactory.cpp in Sources */ = {isa = PBXBuildFile; fileRef = D4DDFFD80CF0CB6B00F00431 /* OSGWindowEventProducerFactory.cpp */; };
		D4DD00320CF0CB6B00F00431 /* OSGWindowEventProducerFactory.h in Headers */ = {isa = PBXBuildFile; fileRef = D4DDFFD90CF0CB6B00F00431 /* OSGWindowEventProducerFactory.h */; };
		D4DD00330CF0CB6B00F00431 /* OSGWindowEventProducerFields.h in Headers */ = {isa = PBXBuildFile; fileRef = D4DDFFDB0CF0CB6B00F00431 /* OSGWindowEventProducerFields.h */; };
		D4DD00340CF0CB6B00F00431 /* OSGWindowUtils.cpp in Sources */ = {isa = PBXBuildFile; fileRef = D4DDFFDC0CF0CB6B00F00431 /* OSGWindowUtils.cpp */; };
		D4DD00350CF0CB6B00F00431 /* OSGWindowUtils.h in Headers */ = {isa = PBXBuildFile; fileRef = D4DDFFDD0CF0CB6B00F00431 /* OSGWindowUtils.h */; };
		D4DD00360CF0CB6B00F00431 /* OSGWin32WindowEventProducer.cpp in Sources */ = {isa = PBXBuildFile; fileRef = D4DDFFE10CF0CB6B00F00431 /* OSGWin32WindowEventProducer.cpp */; };
		D4DD00370CF0CB6B00F00431 /* OSGWin32WindowEventProducer.h in Headers */ = {isa = PBXBuildFile; fileRef = D4DDFFE20CF0CB6B00F00431 /* OSGWin32WindowEventProducer.h */; };
		D4DD00380CF0CB6B00F00431 /* OSGWin32WindowEventProducerBase.cpp in Sources */ = {isa = PBXBuildFile; fileRef = D4DDFFE40CF0CB6B00F00431 /* OSGWin32WindowEventProducerBase.cpp */; };
		D4DD00390CF0CB6B00F00431 /* OSGWin32WindowEventProducerBase.h in Headers */ = {isa = PBXBuildFile; fileRef = D4DDFFE50CF0CB6B00F00431 /* OSGWin32WindowEventProducerBase.h */; };
		D4DD003A0CF0CB6B00F00431 /* OSGWin32WindowEventProducerFields.h in Headers */ = {isa = PBXBuildFile; fileRef = D4DDFFE70CF0CB6B00F00431 /* OSGWin32WindowEventProducerFields.h */; };
		D4DD003B0CF0CB6B00F00431 /* OSGXWindowEventProducer.cpp in Sources */ = {isa = PBXBuildFile; fileRef = D4DDFFEB0CF0CB6B00F00431 /* OSGXWindowEventProducer.cpp */; };
		D4DD003C0CF0CB6B00F00431 /* OSGXWindowEventProducer.h in Headers */ = {isa = PBXBuildFile; fileRef = D4DDFFEC0CF0CB6B00F00431 /* OSGXWindowEventProducer.h */; };
		D4DD003D0CF0CB6B00F00431 /* OSGXWindowEventProducerBase.cpp in Sources */ = {isa = PBXBuildFile; fileRef = D4DDFFEE0CF0CB6B00F00431 /* OSGXWindowEventProducerBase.cpp */; };
		D4DD003E0CF0CB6B00F00431 /* OSGXWindowEventProducerBase.h in Headers */ = {isa = PBXBuildFile; fileRef = D4DDFFEF0CF0CB6B00F00431 /* OSGXWindowEventProducerBase.h */; };
		D4DD003F0CF0CB6B00F00431 /* OSGXWindowEventProducerFields.h in Headers */ = {isa = PBXBuildFile; fileRef = D4DDFFF10CF0CB6B00F00431 /* OSGXWindowEventProducerFields.h */; };
		D4DD00400CF0CB6B00F00431 /* OSGEvent.h in Headers */ = {isa = PBXBuildFile; fileRef = D4DDFF7E0CF0CB6B00F00431 /* OSGEvent.h */; };
		D4DD00410CF0CB6B00F00431 /* OSGEventFactory.cpp in Sources */ = {isa = PBXBuildFile; fileRef = D4DDFF800CF0CB6B00F00431 /* OSGEventFactory.cpp */; };
		D4DD00420CF0CB6B00F00431 /* OSGEventFactory.h in Headers */ = {isa = PBXBuildFile; fileRef = D4DDFF810CF0CB6B00F00431 /* OSGEventFactory.h */; };
		D4DD00430CF0CB6B00F00431 /* OSGEventListener.h in Headers */ = {isa = PBXBuildFile; fileRef = D4DDFF820CF0CB6B00F00431 /* OSGEventListener.h */; };
		D4DD00440CF0CB6B00F00431 /* OSGEventProducer.h in Headers */ = {isa = PBXBuildFile; fileRef = D4DDFF830CF0CB6B00F00431 /* OSGEventProducer.h */; };
		D4DD00450CF0CB6B00F00431 /* OSGEventType.cpp in Sources */ = {isa = PBXBuildFile; fileRef = D4DDFF850CF0CB6B00F00431 /* OSGEventType.cpp */; };
		D4DD00460CF0CB6B00F00431 /* OSGEventType.h in Headers */ = {isa = PBXBuildFile; fileRef = D4DDFF860CF0CB6B00F00431 /* OSGEventType.h */; };
		D4DD00470CF0CB6B00F00431 /* OSGFieldChangeEvent.cpp in Sources */ = {isa = PBXBuildFile; fileRef = D4DDFF880CF0CB6B00F00431 /* OSGFieldChangeEvent.cpp */; };
		D4DD00480CF0CB6B00F00431 /* OSGFieldChangeEvent.h in Headers */ = {isa = PBXBuildFile; fileRef = D4DDFF890CF0CB6B00F00431 /* OSGFieldChangeEvent.h */; };
		D4DD00490CF0CB6B00F00431 /* OSGFieldChangeListener.cpp in Sources */ = {isa = PBXBuildFile; fileRef = D4DDFF8B0CF0CB6B00F00431 /* OSGFieldChangeListener.cpp */; };
		D4DD004A0CF0CB6B00F00431 /* OSGFieldChangeListener.h in Headers */ = {isa = PBXBuildFile; fileRef = D4DDFF8C0CF0CB6B00F00431 /* OSGFieldChangeListener.h */; };
		D4DD004B0CF0CB6B00F00431 /* OSGKeyAdapter.cpp in Sources */ = {isa = PBXBuildFile; fileRef = D4DDFF8D0CF0CB6B00F00431 /* OSGKeyAdapter.cpp */; };
		D4DD004C0CF0CB6B00F00431 /* OSGKeyAdapter.h in Headers */ = {isa = PBXBuildFile; fileRef = D4DDFF8E0CF0CB6B00F00431 /* OSGKeyAdapter.h */; };
		D4DD004D0CF0CB6B00F00431 /* OSGKeyEvent.cpp in Sources */ = {isa = PBXBuildFile; fileRef = D4DDFF8F0CF0CB6B00F00431 /* OSGKeyEvent.cpp */; };
		D4DD004E0CF0CB6B00F00431 /* OSGKeyEvent.h in Headers */ = {isa = PBXBuildFile; fileRef = D4DDFF900CF0CB6B00F00431 /* OSGKeyEvent.h */; };
		D4DD004F0CF0CB6B00F00431 /* OSGKeyEventProducer.cpp in Sources */ = {isa = PBXBuildFile; fileRef = D4DDFF920CF0CB6B00F00431 /* OSGKeyEventProducer.cpp */; };
		D4DD00500CF0CB6B00F00431 /* OSGKeyEventProducer.h in Headers */ = {isa = PBXBuildFile; fileRef = D4DDFF930CF0CB6B00F00431 /* OSGKeyEventProducer.h */; };
		D4DD00510CF0CB6B00F00431 /* OSGKeyListener.h in Headers */ = {isa = PBXBuildFile; fileRef = D4DDFF950CF0CB6B00F00431 /* OSGKeyListener.h */; };
		D4DD00520CF0CB6B00F00431 /* OSGMouseAdapter.cpp in Sources */ = {isa = PBXBuildFile; fileRef = D4DDFF960CF0CB6B00F00431 /* OSGMouseAdapter.cpp */; };
		D4DD00530CF0CB6B00F00431 /* OSGMouseAdapter.h in Headers */ = {isa = PBXBuildFile; fileRef = D4DDFF970CF0CB6B00F00431 /* OSGMouseAdapter.h */; };
		D4DD00540CF0CB6B00F00431 /* OSGMouseEvent.cpp in Sources */ = {isa = PBXBuildFile; fileRef = D4DDFF980CF0CB6B00F00431 /* OSGMouseEvent.cpp */; };
		D4DD00550CF0CB6B00F00431 /* OSGMouseEvent.h in Headers */ = {isa = PBXBuildFile; fileRef = D4DDFF990CF0CB6B00F00431 /* OSGMouseEvent.h */; };
		D4DD00560CF0CB6B00F00431 /* OSGMouseEventProducer.cpp in Sources */ = {isa = PBXBuildFile; fileRef = D4DDFF9B0CF0CB6B00F00431 /* OSGMouseEventProducer.cpp */; };
		D4DD00570CF0CB6B00F00431 /* OSGMouseEventProducer.h in Headers */ = {isa = PBXBuildFile; fileRef = D4DDFF9C0CF0CB6B00F00431 /* OSGMouseEventProducer.h */; };
		D4DD00580CF0CB6B00F00431 /* OSGMouseListener.h in Headers */ = {isa = PBXBuildFile; fileRef = D4DDFF9E0CF0CB6B00F00431 /* OSGMouseListener.h */; };
		D4DD00590CF0CB6B00F00431 /* OSGMouseMotionAdapter.cpp in Sources */ = {isa = PBXBuildFile; fileRef = D4DDFF9F0CF0CB6B00F00431 /* OSGMouseMotionAdapter.cpp */; };
		D4DD005A0CF0CB6B00F00431 /* OSGMouseMotionAdapter.h in Headers */ = {isa = PBXBuildFile; fileRef = D4DDFFA00CF0CB6B00F00431 /* OSGMouseMotionAdapter.h */; };
		D4DD005B0CF0CB6B00F00431 /* OSGMouseMotionEventProducer.cpp in Sources */ = {isa = PBXBuildFile; fileRef = D4DDFFA10CF0CB6B00F00431 /* OSGMouseMotionEventProducer.cpp */; };
		D4DD005C0CF0CB6B00F00431 /* OSGMouseMotionEventProducer.h in Headers */ = {isa = PBXBuildFile; fileRef = D4DDFFA20CF0CB6B00F00431 /* OSGMouseMotionEventProducer.h */; };
		D4DD005D0CF0CB6B00F00431 /* OSGMouseMotionListener.h in Headers */ = {isa = PBXBuildFile; fileRef = D4DDFFA40CF0CB6B00F00431 /* OSGMouseMotionListener.h */; };
		D4DD005E0CF0CB6B00F00431 /* OSGMouseWheelEvent.cpp in Sources */ = {isa = PBXBuildFile; fileRef = D4DDFFA50CF0CB6B00F00431 /* OSGMouseWheelEvent.cpp */; };
		D4DD005F0CF0CB6B00F00431 /* OSGMouseWheelEvent.h in Headers */ = {isa = PBXBuildFile; fileRef = D4DDFFA60CF0CB6B00F00431 /* OSGMouseWheelEvent.h */; };
		D4DD00600CF0CB6B00F00431 /* OSGMouseWheelEventProducer.cpp in Sources */ = {isa = PBXBuildFile; fileRef = D4DDFFA80CF0CB6B00F00431 /* OSGMouseWheelEventProducer.cpp */; };
		D4DD00610CF0CB6B00F00431 /* OSGMouseWheelEventProducer.h in Headers */ = {isa = PBXBuildFile; fileRef = D4DDFFA90CF0CB6B00F00431 /* OSGMouseWheelEventProducer.h */; };
		D4DD00620CF0CB6B00F00431 /* OSGMouseWheelListener.h in Headers */ = {isa = PBXBuildFile; fileRef = D4DDFFAB0CF0CB6B00F00431 /* OSGMouseWheelListener.h */; };
		D4DD00630CF0CB6B00F00431 /* OSGUpdateEvent.cpp in Sources */ = {isa = PBXBuildFile; fileRef = D4DDFFAC0CF0CB6B00F00431 /* OSGUpdateEvent.cpp */; };
		D4DD00640CF0CB6B00F00431 /* OSGUpdateEvent.h in Headers */ = {isa = PBXBuildFile; fileRef = D4DDFFAD0CF0CB6B00F00431 /* OSGUpdateEvent.h */; };
		D4DD00650CF0CB6B00F00431 /* OSGUpdateListener.h in Headers */ = {isa = PBXBuildFile; fileRef = D4DDFFAF0CF0CB6B00F00431 /* OSGUpdateListener.h */; };
		D4DD00660CF0CB6B00F00431 /* OSGWindowAdapter.cpp in Sources */ = {isa = PBXBuildFile; fileRef = D4DDFFB00CF0CB6B00F00431 /* OSGWindowAdapter.cpp */; };
		D4DD00670CF0CB6B00F00431 /* OSGWindowAdapter.h in Headers */ = {isa = PBXBuildFile; fileRef = D4DDFFB10CF0CB6B00F00431 /* OSGWindowAdapter.h */; };
		D4DD00680CF0CB6B00F00431 /* OSGWindowEvent.cpp in Sources */ = {isa = PBXBuildFile; fileRef = D4DDFFB20CF0CB6B00F00431 /* OSGWindowEvent.cpp */; };
		D4DD00690CF0CB6B00F00431 /* OSGWindowEvent.h in Headers */ = {isa = PBXBuildFile; fileRef = D4DDFFB30CF0CB6B00F00431 /* OSGWindowEvent.h */; };
		D4DD006A0CF0CB6B00F00431 /* OSGWindowListener.h in Headers */ = {isa = PBXBuildFile; fileRef = D4DDFFB50CF0CB6B00F00431 /* OSGWindowListener.h */; };
		D4DD006B0CF0CB6B00F00431 /* OSGInputDef.h in Headers */ = {isa = PBXBuildFile; fileRef = D4DDFFB60CF0CB6B00F00431 /* OSGInputDef.h */; };
		D4DD006C0CF0CB6B00F00431 /* OSGInputSettings.cpp in Sources */ = {isa = PBXBuildFile; fileRef = D4DDFFB70CF0CB6B00F00431 /* OSGInputSettings.cpp */; };
		D4DD006D0CF0CB6B00F00431 /* OSGInputSettings.h in Headers */ = {isa = PBXBuildFile; fileRef = D4DDFFB80CF0CB6B00F00431 /* OSGInputSettings.h */; };
		D4DD006E0CF0CB6B00F00431 /* OSGStringUtils.cpp in Sources */ = {isa = PBXBuildFile; fileRef = D4DDFFBB0CF0CB6B00F00431 /* OSGStringUtils.cpp */; };
		D4DD006F0CF0CB6B00F00431 /* OSGStringUtils.h in Headers */ = {isa = PBXBuildFile; fileRef = D4DDFFBC0CF0CB6B00F00431 /* OSGStringUtils.h */; };
		D4DD00700CF0CB6B00F00431 /* OSGCarbonWindowEventProducer.cpp in Sources */ = {isa = PBXBuildFile; fileRef = D4DDFFC00CF0CB6B00F00431 /* OSGCarbonWindowEventProducer.cpp */; };
		D4DD00710CF0CB6B00F00431 /* OSGCarbonWindowEventProducer.h in Headers */ = {isa = PBXBuildFile; fileRef = D4DDFFC10CF0CB6B00F00431 /* OSGCarbonWindowEventProducer.h */; };
		D4DD00720CF0CB6B00F00431 /* OSGCarbonWindowEventProducerBase.cpp in Sources */ = {isa = PBXBuildFile; fileRef = D4DDFFC30CF0CB6B00F00431 /* OSGCarbonWindowEventProducerBase.cpp */; };
		D4DD00730CF0CB6B00F00431 /* OSGCarbonWindowEventProducerBase.h in Headers */ = {isa = PBXBuildFile; fileRef = D4DDFFC40CF0CB6B00F00431 /* OSGCarbonWindowEventProducerBase.h */; };
		D4DD00740CF0CB6B00F00431 /* OSGCarbonWindowEventProducerFields.h in Headers */ = {isa = PBXBuildFile; fileRef = D4DDFFC60CF0CB6B00F00431 /* OSGCarbonWindowEventProducerFields.h */; };
		D4DD00750CF0CB6B00F00431 /* OSGGLUTWindowEventProducer.cpp in Sources */ = {isa = PBXBuildFile; fileRef = D4DDFFCB0CF0CB6B00F00431 /* OSGGLUTWindowEventProducer.cpp */; };
		D4DD00760CF0CB6B00F00431 /* OSGGLUTWindowEventProducer.h in Headers */ = {isa = PBXBuildFile; fileRef = D4DDFFCC0CF0CB6B00F00431 /* OSGGLUTWindowEventProducer.h */; };
		D4DD00770CF0CB6B00F00431 /* OSGGLUTWindowEventProducerBase.cpp in Sources */ = {isa = PBXBuildFile; fileRef = D4DDFFCE0CF0CB6B00F00431 /* OSGGLUTWindowEventProducerBase.cpp */; };
		D4DD00780CF0CB6B00F00431 /* OSGGLUTWindowEventProducerBase.h in Headers */ = {isa = PBXBuildFile; fileRef = D4DDFFCF0CF0CB6B00F00431 /* OSGGLUTWindowEventProducerBase.h */; };
		D4DD00790CF0CB6B00F00431 /* OSGGLUTWindowEventProducerFields.h in Headers */ = {isa = PBXBuildFile; fileRef = D4DDFFD10CF0CB6B00F00431 /* OSGGLUTWindowEventProducerFields.h */; };
		D4DD007A0CF0CB6B00F00431 /* OSGWindowEventProducer.cpp in Sources */ = {isa = PBXBuildFile; fileRef = D4DDFFD20CF0CB6B00F00431 /* OSGWindowEventProducer.cpp */; };
		D4DD007B0CF0CB6B00F00431 /* OSGWindowEventProducer.h in Headers */ = {isa = PBXBuildFile; fileRef = D4DDFFD30CF0CB6B00F00431 /* OSGWindowEventProducer.h */; };
		D4DD007C0CF0CB6B00F00431 /* OSGWindowEventProducerBase.cpp in Sources */ = {isa = PBXBuildFile; fileRef = D4DDFFD50CF0CB6B00F00431 /* OSGWindowEventProducerBase.cpp */; };
		D4DD007D0CF0CB6B00F00431 /* OSGWindowEventProducerBase.h in Headers */ = {isa = PBXBuildFile; fileRef = D4DDFFD60CF0CB6B00F00431 /* OSGWindowEventProducerBase.h */; };
		D4DD007E0CF0CB6B00F00431 /* OSGWindowEventProducerFactory.cpp in Sources */ = {isa = PBXBuildFile; fileRef = D4DDFFD80CF0CB6B00F00431 /* OSGWindowEventProducerFactory.cpp */; };
		D4DD007F0CF0CB6B00F00431 /* OSGWindowEventProducerFactory.h in Headers */ = {isa = PBXBuildFile; fileRef = D4DDFFD90CF0CB6B00F00431 /* OSGWindowEventProducerFactory.h */; };
		D4DD00800CF0CB6B00F00431 /* OSGWindowEventProducerFields.h in Headers */ = {isa = PBXBuildFile; fileRef = D4DDFFDB0CF0CB6B00F00431 /* OSGWindowEventProducerFields.h */; };
		D4DD00810CF0CB6B00F00431 /* OSGWindowUtils.cpp in Sources */ = {isa = PBXBuildFile; fileRef = D4DDFFDC0CF0CB6B00F00431 /* OSGWindowUtils.cpp */; };
		D4DD00820CF0CB6B00F00431 /* OSGWindowUtils.h in Headers */ = {isa = PBXBuildFile; fileRef = D4DDFFDD0CF0CB6B00F00431 /* OSGWindowUtils.h */; };
		D4DD00830CF0CB6B00F00431 /* OSGWin32WindowEventProducer.cpp in Sources */ = {isa = PBXBuildFile; fileRef = D4DDFFE10CF0CB6B00F00431 /* OSGWin32WindowEventProducer.cpp */; };
		D4DD00840CF0CB6B00F00431 /* OSGWin32WindowEventProducer.h in Headers */ = {isa = PBXBuildFile; fileRef = D4DDFFE20CF0CB6B00F00431 /* OSGWin32WindowEventProducer.h */; };
		D4DD00850CF0CB6B00F00431 /* OSGWin32WindowEventProducerBase.cpp in Sources */ = {isa = PBXBuildFile; fileRef = D4DDFFE40CF0CB6B00F00431 /* OSGWin32WindowEventProducerBase.cpp */; };
		D4DD00860CF0CB6B00F00431 /* OSGWin32WindowEventProducerBase.h in Headers */ = {isa = PBXBuildFile; fileRef = D4DDFFE50CF0CB6B00F00431 /* OSGWin32WindowEventProducerBase.h */; };
		D4DD00870CF0CB6B00F00431 /* OSGWin32WindowEventProducerFields.h in Headers */ = {isa = PBXBuildFile; fileRef = D4DDFFE70CF0CB6B00F00431 /* OSGWin32WindowEventProducerFields.h */; };
		D4DD00880CF0CB6B00F00431 /* OSGXWindowEventProducer.cpp in Sources */ = {isa = PBXBuildFile; fileRef = D4DDFFEB0CF0CB6B00F00431 /* OSGXWindowEventProducer.cpp */; };
		D4DD00890CF0CB6B00F00431 /* OSGXWindowEventProducer.h in Headers */ = {isa = PBXBuildFile; fileRef = D4DDFFEC0CF0CB6B00F00431 /* OSGXWindowEventProducer.h */; };
		D4DD008A0CF0CB6B00F00431 /* OSGXWindowEventProducerBase.cpp in Sources */ = {isa = PBXBuildFile; fileRef = D4DDFFEE0CF0CB6B00F00431 /* OSGXWindowEventProducerBase.cpp */; };
		D4DD008B0CF0CB6B00F00431 /* OSGXWindowEventProducerBase.h in Headers */ = {isa = PBXBuildFile; fileRef = D4DDFFEF0CF0CB6B00F00431 /* OSGXWindowEventProducerBase.h */; };
		D4DD008C0CF0CB6B00F00431 /* OSGXWindowEventProducerFields.h in Headers */ = {isa = PBXBuildFile; fileRef = D4DDFFF10CF0CB6B00F00431 /* OSGXWindowEventProducerFields.h */; };
		D4DDFFF30CF0CB6B00F00431 /* OSGEvent.h in Headers */ = {isa = PBXBuildFile; fileRef = D4DDFF7E0CF0CB6B00F00431 /* OSGEvent.h */; };
		D4DDFFF40CF0CB6B00F00431 /* OSGEventFactory.cpp in Sources */ = {isa = PBXBuildFile; fileRef = D4DDFF800CF0CB6B00F00431 /* OSGEventFactory.cpp */; };
		D4DDFFF50CF0CB6B00F00431 /* OSGEventFactory.h in Headers */ = {isa = PBXBuildFile; fileRef = D4DDFF810CF0CB6B00F00431 /* OSGEventFactory.h */; };
		D4DDFFF60CF0CB6B00F00431 /* OSGEventListener.h in Headers */ = {isa = PBXBuildFile; fileRef = D4DDFF820CF0CB6B00F00431 /* OSGEventListener.h */; };
		D4DDFFF70CF0CB6B00F00431 /* OSGEventProducer.h in Headers */ = {isa = PBXBuildFile; fileRef = D4DDFF830CF0CB6B00F00431 /* OSGEventProducer.h */; };
		D4DDFFF80CF0CB6B00F00431 /* OSGEventType.cpp in Sources */ = {isa = PBXBuildFile; fileRef = D4DDFF850CF0CB6B00F00431 /* OSGEventType.cpp */; };
		D4DDFFF90CF0CB6B00F00431 /* OSGEventType.h in Headers */ = {isa = PBXBuildFile; fileRef = D4DDFF860CF0CB6B00F00431 /* OSGEventType.h */; };
		D4DDFFFA0CF0CB6B00F00431 /* OSGFieldChangeEvent.cpp in Sources */ = {isa = PBXBuildFile; fileRef = D4DDFF880CF0CB6B00F00431 /* OSGFieldChangeEvent.cpp */; };
		D4DDFFFB0CF0CB6B00F00431 /* OSGFieldChangeEvent.h in Headers */ = {isa = PBXBuildFile; fileRef = D4DDFF890CF0CB6B00F00431 /* OSGFieldChangeEvent.h */; };
		D4DDFFFC0CF0CB6B00F00431 /* OSGFieldChangeListener.cpp in Sources */ = {isa = PBXBuildFile; fileRef = D4DDFF8B0CF0CB6B00F00431 /* OSGFieldChangeListener.cpp */; };
		D4DDFFFD0CF0CB6B00F00431 /* OSGFieldChangeListener.h in Headers */ = {isa = PBXBuildFile; fileRef = D4DDFF8C0CF0CB6B00F00431 /* OSGFieldChangeListener.h */; };
		D4DDFFFE0CF0CB6B00F00431 /* OSGKeyAdapter.cpp in Sources */ = {isa = PBXBuildFile; fileRef = D4DDFF8D0CF0CB6B00F00431 /* OSGKeyAdapter.cpp */; };
		D4DDFFFF0CF0CB6B00F00431 /* OSGKeyAdapter.h in Headers */ = {isa = PBXBuildFile; fileRef = D4DDFF8E0CF0CB6B00F00431 /* OSGKeyAdapter.h */; };
/* End PBXBuildFile section */

/* Begin PBXContainerItemProxy section */
		D437832C0CF0B1890062E3A4 /* PBXContainerItemProxy */ = {
			isa = PBXContainerItemProxy;
			containerPortal = 0867D690FE84028FC02AAC07 /* Project object */;
			proxyType = 1;
			remoteGlobalIDString = D2AAC09C05546B4700DB518D;
			remoteInfo = "Xcode OSGToolbox";
		};
		D43783800CF0BF320062E3A4 /* PBXContainerItemProxy */ = {
			isa = PBXContainerItemProxy;
			containerPortal = 0867D690FE84028FC02AAC07 /* Project object */;
			proxyType = 1;
			remoteGlobalIDString = D437835E0CF0BED30062E3A4;
			remoteInfo = "OSGToolbox Static Library";
		};
		D43783890CF0C07C0062E3A4 /* PBXContainerItemProxy */ = {
			isa = PBXContainerItemProxy;
			containerPortal = 0867D690FE84028FC02AAC07 /* Project object */;
			proxyType = 1;
			remoteGlobalIDString = D43783460CF0B5090062E3A4;
			remoteInfo = "OSGToolbox install Shell Script";
		};
		D4BE412B0CF0DAFA0046BAE7 /* PBXContainerItemProxy */ = {
			isa = PBXContainerItemProxy;
			containerPortal = 0867D690FE84028FC02AAC07 /* Project object */;
			proxyType = 1;
			remoteGlobalIDString = D437832B0CF0B17E0062E3A4 /* OSGInput Aggregate */;
			remoteInfo = "OSGInput Aggregate";
		};
/* End PBXContainerItemProxy section */

/* Begin PBXFileReference section */
		D4BE3F7A0CF0D0DE0046BAE7 /* Carbon.framework */ = {isa = PBXFileReference; lastKnownFileType = wrapper.framework; name = Carbon.framework; path = /Developer/SDKs/MacOSX10.3.9.sdk/System/Library/Frameworks/Carbon.framework; sourceTree = "<absolute>"; };
		D4BE3F830CF0D12B0046BAE7 /* AGL.framework */ = {isa = PBXFileReference; lastKnownFileType = wrapper.framework; name = AGL.framework; path = /Developer/SDKs/MacOSX10.3.9.sdk/System/Library/Frameworks/AGL.framework; sourceTree = "<absolute>"; };
		D4BE3F8B0CF0D15C0046BAE7 /* QuickTime.framework */ = {isa = PBXFileReference; lastKnownFileType = wrapper.framework; name = QuickTime.framework; path = /Developer/SDKs/MacOSX10.3.9.sdk/System/Library/Frameworks/QuickTime.framework; sourceTree = "<absolute>"; };
		D4BE40010CF0D56B0046BAE7 /* 03DefaultWindow.cpp */ = {isa = PBXFileReference; fileEncoding = 30; lastKnownFileType = sourcecode.cpp.cpp; name = 03DefaultWindow.cpp; path = ../../Tutorials/03DefaultWindow.cpp; sourceTree = SOURCE_ROOT; };
		D4BE40040CF0D5930046BAE7 /* libOSGInputD.dylib */ = {isa = PBXFileReference; explicitFileType = "compiled.mach-o.dylib"; includeInIndex = 0; path = libOSGInputD.dylib; sourceTree = BUILT_PRODUCTS_DIR; };
		D4BE41080CF0D7A50046BAE7 /* 03DefaultWindowD */ = {isa = PBXFileReference; explicitFileType = "compiled.mach-o.executable"; includeInIndex = 0; path = 03DefaultWindowD; sourceTree = BUILT_PRODUCTS_DIR; };
		D4DD00950CF0CC3900F00431 /* libOSGInputD.a */ = {isa = PBXFileReference; explicitFileType = "compiled.mach-o.dylib"; includeInIndex = 0; path = libOSGInputD.a; sourceTree = BUILT_PRODUCTS_DIR; };
		D4DDFF7E0CF0CB6B00F00431 /* OSGEvent.h */ = {isa = PBXFileReference; fileEncoding = 30; lastKnownFileType = sourcecode.c.h; path = OSGEvent.h; sourceTree = "<group>"; };
		D4DDFF7F0CF0CB6B00F00431 /* OSGEvent.inl */ = {isa = PBXFileReference; fileEncoding = 30; lastKnownFileType = text; path = OSGEvent.inl; sourceTree = "<group>"; };
		D4DDFF800CF0CB6B00F00431 /* OSGEventFactory.cpp */ = {isa = PBXFileReference; fileEncoding = 30; lastKnownFileType = sourcecode.cpp.cpp; path = OSGEventFactory.cpp; sourceTree = "<group>"; };
		D4DDFF810CF0CB6B00F00431 /* OSGEventFactory.h */ = {isa = PBXFileReference; fileEncoding = 30; lastKnownFileType = sourcecode.c.h; path = OSGEventFactory.h; sourceTree = "<group>"; };
		D4DDFF820CF0CB6B00F00431 /* OSGEventListener.h */ = {isa = PBXFileReference; fileEncoding = 30; lastKnownFileType = sourcecode.c.h; path = OSGEventListener.h; sourceTree = "<group>"; };
		D4DDFF830CF0CB6B00F00431 /* OSGEventProducer.h */ = {isa = PBXFileReference; fileEncoding = 30; lastKnownFileType = sourcecode.c.h; path = OSGEventProducer.h; sourceTree = "<group>"; };
		D4DDFF840CF0CB6B00F00431 /* OSGEventProducer.inl */ = {isa = PBXFileReference; fileEncoding = 30; lastKnownFileType = text; path = OSGEventProducer.inl; sourceTree = "<group>"; };
		D4DDFF850CF0CB6B00F00431 /* OSGEventType.cpp */ = {isa = PBXFileReference; fileEncoding = 30; lastKnownFileType = sourcecode.cpp.cpp; path = OSGEventType.cpp; sourceTree = "<group>"; };
		D4DDFF860CF0CB6B00F00431 /* OSGEventType.h */ = {isa = PBXFileReference; fileEncoding = 30; lastKnownFileType = sourcecode.c.h; path = OSGEventType.h; sourceTree = "<group>"; };
		D4DDFF870CF0CB6B00F00431 /* OSGEventType.inl */ = {isa = PBXFileReference; fileEncoding = 30; lastKnownFileType = text; path = OSGEventType.inl; sourceTree = "<group>"; };
		D4DDFF880CF0CB6B00F00431 /* OSGFieldChangeEvent.cpp */ = {isa = PBXFileReference; fileEncoding = 30; lastKnownFileType = sourcecode.cpp.cpp; path = OSGFieldChangeEvent.cpp; sourceTree = "<group>"; };
		D4DDFF890CF0CB6B00F00431 /* OSGFieldChangeEvent.h */ = {isa = PBXFileReference; fileEncoding = 30; lastKnownFileType = sourcecode.c.h; path = OSGFieldChangeEvent.h; sourceTree = "<group>"; };
		D4DDFF8A0CF0CB6B00F00431 /* OSGFieldChangeEvent.inl */ = {isa = PBXFileReference; fileEncoding = 30; lastKnownFileType = text; path = OSGFieldChangeEvent.inl; sourceTree = "<group>"; };
		D4DDFF8B0CF0CB6B00F00431 /* OSGFieldChangeListener.cpp */ = {isa = PBXFileReference; fileEncoding = 30; lastKnownFileType = sourcecode.cpp.cpp; path = OSGFieldChangeListener.cpp; sourceTree = "<group>"; };
		D4DDFF8C0CF0CB6B00F00431 /* OSGFieldChangeListener.h */ = {isa = PBXFileReference; fileEncoding = 30; lastKnownFileType = sourcecode.c.h; path = OSGFieldChangeListener.h; sourceTree = "<group>"; };
		D4DDFF8D0CF0CB6B00F00431 /* OSGKeyAdapter.cpp */ = {isa = PBXFileReference; fileEncoding = 30; lastKnownFileType = sourcecode.cpp.cpp; path = OSGKeyAdapter.cpp; sourceTree = "<group>"; };
		D4DDFF8E0CF0CB6B00F00431 /* OSGKeyAdapter.h */ = {isa = PBXFileReference; fileEncoding = 30; lastKnownFileType = sourcecode.c.h; path = OSGKeyAdapter.h; sourceTree = "<group>"; };
		D4DDFF8F0CF0CB6B00F00431 /* OSGKeyEvent.cpp */ = {isa = PBXFileReference; fileEncoding = 30; lastKnownFileType = sourcecode.cpp.cpp; path = OSGKeyEvent.cpp; sourceTree = "<group>"; };
		D4DDFF900CF0CB6B00F00431 /* OSGKeyEvent.h */ = {isa = PBXFileReference; fileEncoding = 30; lastKnownFileType = sourcecode.c.h; path = OSGKeyEvent.h; sourceTree = "<group>"; };
		D4DDFF910CF0CB6B00F00431 /* OSGKeyEvent.inl */ = {isa = PBXFileReference; fileEncoding = 30; lastKnownFileType = text; path = OSGKeyEvent.inl; sourceTree = "<group>"; };
		D4DDFF920CF0CB6B00F00431 /* OSGKeyEventProducer.cpp */ = {isa = PBXFileReference; fileEncoding = 30; lastKnownFileType = sourcecode.cpp.cpp; path = OSGKeyEventProducer.cpp; sourceTree = "<group>"; };
		D4DDFF930CF0CB6B00F00431 /* OSGKeyEventProducer.h */ = {isa = PBXFileReference; fileEncoding = 30; lastKnownFileType = sourcecode.c.h; path = OSGKeyEventProducer.h; sourceTree = "<group>"; };
		D4DDFF940CF0CB6B00F00431 /* OSGKeyEventProducer.inl */ = {isa = PBXFileReference; fileEncoding = 30; lastKnownFileType = text; path = OSGKeyEventProducer.inl; sourceTree = "<group>"; };
		D4DDFF950CF0CB6B00F00431 /* OSGKeyListener.h */ = {isa = PBXFileReference; fileEncoding = 30; lastKnownFileType = sourcecode.c.h; path = OSGKeyListener.h; sourceTree = "<group>"; };
		D4DDFF960CF0CB6B00F00431 /* OSGMouseAdapter.cpp */ = {isa = PBXFileReference; fileEncoding = 30; lastKnownFileType = sourcecode.cpp.cpp; path = OSGMouseAdapter.cpp; sourceTree = "<group>"; };
		D4DDFF970CF0CB6B00F00431 /* OSGMouseAdapter.h */ = {isa = PBXFileReference; fileEncoding = 30; lastKnownFileType = sourcecode.c.h; path = OSGMouseAdapter.h; sourceTree = "<group>"; };
		D4DDFF980CF0CB6B00F00431 /* OSGMouseEvent.cpp */ = {isa = PBXFileReference; fileEncoding = 30; lastKnownFileType = sourcecode.cpp.cpp; path = OSGMouseEvent.cpp; sourceTree = "<group>"; };
		D4DDFF990CF0CB6B00F00431 /* OSGMouseEvent.h */ = {isa = PBXFileReference; fileEncoding = 30; lastKnownFileType = sourcecode.c.h; path = OSGMouseEvent.h; sourceTree = "<group>"; };
		D4DDFF9A0CF0CB6B00F00431 /* OSGMouseEvent.inl */ = {isa = PBXFileReference; fileEncoding = 30; lastKnownFileType = text; path = OSGMouseEvent.inl; sourceTree = "<group>"; };
		D4DDFF9B0CF0CB6B00F00431 /* OSGMouseEventProducer.cpp */ = {isa = PBXFileReference; fileEncoding = 30; lastKnownFileType = sourcecode.cpp.cpp; path = OSGMouseEventProducer.cpp; sourceTree = "<group>"; };
		D4DDFF9C0CF0CB6B00F00431 /* OSGMouseEventProducer.h */ = {isa = PBXFileReference; fileEncoding = 30; lastKnownFileType = sourcecode.c.h; path = OSGMouseEventProducer.h; sourceTree = "<group>"; };
		D4DDFF9D0CF0CB6B00F00431 /* OSGMouseEventProducer.inl */ = {isa = PBXFileReference; fileEncoding = 30; lastKnownFileType = text; path = OSGMouseEventProducer.inl; sourceTree = "<group>"; };
		D4DDFF9E0CF0CB6B00F00431 /* OSGMouseListener.h */ = {isa = PBXFileReference; fileEncoding = 30; lastKnownFileType = sourcecode.c.h; path = OSGMouseListener.h; sourceTree = "<group>"; };
		D4DDFF9F0CF0CB6B00F00431 /* OSGMouseMotionAdapter.cpp */ = {isa = PBXFileReference; fileEncoding = 30; lastKnownFileType = sourcecode.cpp.cpp; path = OSGMouseMotionAdapter.cpp; sourceTree = "<group>"; };
		D4DDFFA00CF0CB6B00F00431 /* OSGMouseMotionAdapter.h */ = {isa = PBXFileReference; fileEncoding = 30; lastKnownFileType = sourcecode.c.h; path = OSGMouseMotionAdapter.h; sourceTree = "<group>"; };
		D4DDFFA10CF0CB6B00F00431 /* OSGMouseMotionEventProducer.cpp */ = {isa = PBXFileReference; fileEncoding = 30; lastKnownFileType = sourcecode.cpp.cpp; path = OSGMouseMotionEventProducer.cpp; sourceTree = "<group>"; };
		D4DDFFA20CF0CB6B00F00431 /* OSGMouseMotionEventProducer.h */ = {isa = PBXFileReference; fileEncoding = 30; lastKnownFileType = sourcecode.c.h; path = OSGMouseMotionEventProducer.h; sourceTree = "<group>"; };
		D4DDFFA30CF0CB6B00F00431 /* OSGMouseMotionEventProducer.inl */ = {isa = PBXFileReference; fileEncoding = 30; lastKnownFileType = text; path = OSGMouseMotionEventProducer.inl; sourceTree = "<group>"; };
		D4DDFFA40CF0CB6B00F00431 /* OSGMouseMotionListener.h */ = {isa = PBXFileReference; fileEncoding = 30; lastKnownFileType = sourcecode.c.h; path = OSGMouseMotionListener.h; sourceTree = "<group>"; };
		D4DDFFA50CF0CB6B00F00431 /* OSGMouseWheelEvent.cpp */ = {isa = PBXFileReference; fileEncoding = 30; lastKnownFileType = sourcecode.cpp.cpp; path = OSGMouseWheelEvent.cpp; sourceTree = "<group>"; };
		D4DDFFA60CF0CB6B00F00431 /* OSGMouseWheelEvent.h */ = {isa = PBXFileReference; fileEncoding = 30; lastKnownFileType = sourcecode.c.h; path = OSGMouseWheelEvent.h; sourceTree = "<group>"; };
		D4DDFFA70CF0CB6B00F00431 /* OSGMouseWheelEvent.inl */ = {isa = PBXFileReference; fileEncoding = 30; lastKnownFileType = text; path = OSGMouseWheelEvent.inl; sourceTree = "<group>"; };
		D4DDFFA80CF0CB6B00F00431 /* OSGMouseWheelEventProducer.cpp */ = {isa = PBXFileReference; fileEncoding = 30; lastKnownFileType = sourcecode.cpp.cpp; path = OSGMouseWheelEventProducer.cpp; sourceTree = "<group>"; };
		D4DDFFA90CF0CB6B00F00431 /* OSGMouseWheelEventProducer.h */ = {isa = PBXFileReference; fileEncoding = 30; lastKnownFileType = sourcecode.c.h; path = OSGMouseWheelEventProducer.h; sourceTree = "<group>"; };
		D4DDFFAA0CF0CB6B00F00431 /* OSGMouseWheelEventProducer.inl */ = {isa = PBXFileReference; fileEncoding = 30; lastKnownFileType = text; path = OSGMouseWheelEventProducer.inl; sourceTree = "<group>"; };
		D4DDFFAB0CF0CB6B00F00431 /* OSGMouseWheelListener.h */ = {isa = PBXFileReference; fileEncoding = 30; lastKnownFileType = sourcecode.c.h; path = OSGMouseWheelListener.h; sourceTree = "<group>"; };
		D4DDFFAC0CF0CB6B00F00431 /* OSGUpdateEvent.cpp */ = {isa = PBXFileReference; fileEncoding = 30; lastKnownFileType = sourcecode.cpp.cpp; path = OSGUpdateEvent.cpp; sourceTree = "<group>"; };
		D4DDFFAD0CF0CB6B00F00431 /* OSGUpdateEvent.h */ = {isa = PBXFileReference; fileEncoding = 30; lastKnownFileType = sourcecode.c.h; path = OSGUpdateEvent.h; sourceTree = "<group>"; };
		D4DDFFAE0CF0CB6B00F00431 /* OSGUpdateEvent.inl */ = {isa = PBXFileReference; fileEncoding = 30; lastKnownFileType = text; path = OSGUpdateEvent.inl; sourceTree = "<group>"; };
		D4DDFFAF0CF0CB6B00F00431 /* OSGUpdateListener.h */ = {isa = PBXFileReference; fileEncoding = 30; lastKnownFileType = sourcecode.c.h; path = OSGUpdateListener.h; sourceTree = "<group>"; };
		D4DDFFB00CF0CB6B00F00431 /* OSGWindowAdapter.cpp */ = {isa = PBXFileReference; fileEncoding = 30; lastKnownFileType = sourcecode.cpp.cpp; path = OSGWindowAdapter.cpp; sourceTree = "<group>"; };
		D4DDFFB10CF0CB6B00F00431 /* OSGWindowAdapter.h */ = {isa = PBXFileReference; fileEncoding = 30; lastKnownFileType = sourcecode.c.h; path = OSGWindowAdapter.h; sourceTree = "<group>"; };
		D4DDFFB20CF0CB6B00F00431 /* OSGWindowEvent.cpp */ = {isa = PBXFileReference; fileEncoding = 30; lastKnownFileType = sourcecode.cpp.cpp; path = OSGWindowEvent.cpp; sourceTree = "<group>"; };
		D4DDFFB30CF0CB6B00F00431 /* OSGWindowEvent.h */ = {isa = PBXFileReference; fileEncoding = 30; lastKnownFileType = sourcecode.c.h; path = OSGWindowEvent.h; sourceTree = "<group>"; };
		D4DDFFB40CF0CB6B00F00431 /* OSGWindowEvent.inl */ = {isa = PBXFileReference; fileEncoding = 30; lastKnownFileType = text; path = OSGWindowEvent.inl; sourceTree = "<group>"; };
		D4DDFFB50CF0CB6B00F00431 /* OSGWindowListener.h */ = {isa = PBXFileReference; fileEncoding = 30; lastKnownFileType = sourcecode.c.h; path = OSGWindowListener.h; sourceTree = "<group>"; };
		D4DDFFB60CF0CB6B00F00431 /* OSGInputDef.h */ = {isa = PBXFileReference; fileEncoding = 30; lastKnownFileType = sourcecode.c.h; name = OSGInputDef.h; path = ../../src/OSGInputDef.h; sourceTree = SOURCE_ROOT; };
		D4DDFFB70CF0CB6B00F00431 /* OSGInputSettings.cpp */ = {isa = PBXFileReference; fileEncoding = 30; lastKnownFileType = sourcecode.cpp.cpp; name = OSGInputSettings.cpp; path = ../../src/OSGInputSettings.cpp; sourceTree = SOURCE_ROOT; };
		D4DDFFB80CF0CB6B00F00431 /* OSGInputSettings.h */ = {isa = PBXFileReference; fileEncoding = 30; lastKnownFileType = sourcecode.c.h; name = OSGInputSettings.h; path = ../../src/OSGInputSettings.h; sourceTree = SOURCE_ROOT; };
		D4DDFFB90CF0CB6B00F00431 /* OSGInputSettings.inl */ = {isa = PBXFileReference; fileEncoding = 30; lastKnownFileType = text; name = OSGInputSettings.inl; path = ../../src/OSGInputSettings.inl; sourceTree = SOURCE_ROOT; };
		D4DDFFBB0CF0CB6B00F00431 /* OSGStringUtils.cpp */ = {isa = PBXFileReference; fileEncoding = 30; lastKnownFileType = sourcecode.cpp.cpp; path = OSGStringUtils.cpp; sourceTree = "<group>"; };
		D4DDFFBC0CF0CB6B00F00431 /* OSGStringUtils.h */ = {isa = PBXFileReference; fileEncoding = 30; lastKnownFileType = sourcecode.c.h; path = OSGStringUtils.h; sourceTree = "<group>"; };
		D4DDFFBF0CF0CB6B00F00431 /* CarbonWindowEventProducer.fcd */ = {isa = PBXFileReference; fileEncoding = 30; lastKnownFileType = text.xml; path = CarbonWindowEventProducer.fcd; sourceTree = "<group>"; };
		D4DDFFC00CF0CB6B00F00431 /* OSGCarbonWindowEventProducer.cpp */ = {isa = PBXFileReference; fileEncoding = 30; lastKnownFileType = sourcecode.cpp.cpp; path = OSGCarbonWindowEventProducer.cpp; sourceTree = "<group>"; };
		D4DDFFC10CF0CB6B00F00431 /* OSGCarbonWindowEventProducer.h */ = {isa = PBXFileReference; fileEncoding = 30; lastKnownFileType = sourcecode.c.h; path = OSGCarbonWindowEventProducer.h; sourceTree = "<group>"; };
		D4DDFFC20CF0CB6B00F00431 /* OSGCarbonWindowEventProducer.inl */ = {isa = PBXFileReference; fileEncoding = 30; lastKnownFileType = text; path = OSGCarbonWindowEventProducer.inl; sourceTree = "<group>"; };
		D4DDFFC30CF0CB6B00F00431 /* OSGCarbonWindowEventProducerBase.cpp */ = {isa = PBXFileReference; fileEncoding = 30; lastKnownFileType = sourcecode.cpp.cpp; path = OSGCarbonWindowEventProducerBase.cpp; sourceTree = "<group>"; };
		D4DDFFC40CF0CB6B00F00431 /* OSGCarbonWindowEventProducerBase.h */ = {isa = PBXFileReference; fileEncoding = 30; lastKnownFileType = sourcecode.c.h; path = OSGCarbonWindowEventProducerBase.h; sourceTree = "<group>"; };
		D4DDFFC50CF0CB6B00F00431 /* OSGCarbonWindowEventProducerBase.inl */ = {isa = PBXFileReference; fileEncoding = 30; lastKnownFileType = text; path = OSGCarbonWindowEventProducerBase.inl; sourceTree = "<group>"; };
		D4DDFFC60CF0CB6B00F00431 /* OSGCarbonWindowEventProducerFields.h */ = {isa = PBXFileReference; fileEncoding = 30; lastKnownFileType = sourcecode.c.h; path = OSGCarbonWindowEventProducerFields.h; sourceTree = "<group>"; };
		D4DDFFCA0CF0CB6B00F00431 /* GLUTWindowEventProducer.fcd */ = {isa = PBXFileReference; fileEncoding = 30; lastKnownFileType = text.xml; path = GLUTWindowEventProducer.fcd; sourceTree = "<group>"; };
		D4DDFFCB0CF0CB6B00F00431 /* OSGGLUTWindowEventProducer.cpp */ = {isa = PBXFileReference; fileEncoding = 30; lastKnownFileType = sourcecode.cpp.cpp; path = OSGGLUTWindowEventProducer.cpp; sourceTree = "<group>"; };
		D4DDFFCC0CF0CB6B00F00431 /* OSGGLUTWindowEventProducer.h */ = {isa = PBXFileReference; fileEncoding = 30; lastKnownFileType = sourcecode.c.h; path = OSGGLUTWindowEventProducer.h; sourceTree = "<group>"; };
		D4DDFFCD0CF0CB6B00F00431 /* OSGGLUTWindowEventProducer.inl */ = {isa = PBXFileReference; fileEncoding = 30; lastKnownFileType = text; path = OSGGLUTWindowEventProducer.inl; sourceTree = "<group>"; };
		D4DDFFCE0CF0CB6B00F00431 /* OSGGLUTWindowEventProducerBase.cpp */ = {isa = PBXFileReference; fileEncoding = 30; lastKnownFileType = sourcecode.cpp.cpp; path = OSGGLUTWindowEventProducerBase.cpp; sourceTree = "<group>"; };
		D4DDFFCF0CF0CB6B00F00431 /* OSGGLUTWindowEventProducerBase.h */ = {isa = PBXFileReference; fileEncoding = 30; lastKnownFileType = sourcecode.c.h; path = OSGGLUTWindowEventProducerBase.h; sourceTree = "<group>"; };
		D4DDFFD00CF0CB6B00F00431 /* OSGGLUTWindowEventProducerBase.inl */ = {isa = PBXFileReference; fileEncoding = 30; lastKnownFileType = text; path = OSGGLUTWindowEventProducerBase.inl; sourceTree = "<group>"; };
		D4DDFFD10CF0CB6B00F00431 /* OSGGLUTWindowEventProducerFields.h */ = {isa = PBXFileReference; fileEncoding = 30; lastKnownFileType = sourcecode.c.h; path = OSGGLUTWindowEventProducerFields.h; sourceTree = "<group>"; };
		D4DDFFD20CF0CB6B00F00431 /* OSGWindowEventProducer.cpp */ = {isa = PBXFileReference; fileEncoding = 30; lastKnownFileType = sourcecode.cpp.cpp; path = OSGWindowEventProducer.cpp; sourceTree = "<group>"; };
		D4DDFFD30CF0CB6B00F00431 /* OSGWindowEventProducer.h */ = {isa = PBXFileReference; fileEncoding = 30; lastKnownFileType = sourcecode.c.h; path = OSGWindowEventProducer.h; sourceTree = "<group>"; };
		D4DDFFD40CF0CB6B00F00431 /* OSGWindowEventProducer.inl */ = {isa = PBXFileReference; fileEncoding = 30; lastKnownFileType = text; path = OSGWindowEventProducer.inl; sourceTree = "<group>"; };
		D4DDFFD50CF0CB6B00F00431 /* OSGWindowEventProducerBase.cpp */ = {isa = PBXFileReference; fileEncoding = 30; lastKnownFileType = sourcecode.cpp.cpp; path = OSGWindowEventProducerBase.cpp; sourceTree = "<group>"; };
		D4DDFFD60CF0CB6B00F00431 /* OSGWindowEventProducerBase.h */ = {isa = PBXFileReference; fileEncoding = 30; lastKnownFileType = sourcecode.c.h; path = OSGWindowEventProducerBase.h; sourceTree = "<group>"; };
		D4DDFFD70CF0CB6B00F00431 /* OSGWindowEventProducerBase.inl */ = {isa = PBXFileReference; fileEncoding = 30; lastKnownFileType = text; path = OSGWindowEventProducerBase.inl; sourceTree = "<group>"; };
		D4DDFFD80CF0CB6B00F00431 /* OSGWindowEventProducerFactory.cpp */ = {isa = PBXFileReference; fileEncoding = 30; lastKnownFileType = sourcecode.cpp.cpp; path = OSGWindowEventProducerFactory.cpp; sourceTree = "<group>"; };
		D4DDFFD90CF0CB6B00F00431 /* OSGWindowEventProducerFactory.h */ = {isa = PBXFileReference; fileEncoding = 30; lastKnownFileType = sourcecode.c.h; path = OSGWindowEventProducerFactory.h; sourceTree = "<group>"; };
		D4DDFFDA0CF0CB6B00F00431 /* OSGWindowEventProducerFactory.inl */ = {isa = PBXFileReference; fileEncoding = 30; lastKnownFileType = text; path = OSGWindowEventProducerFactory.inl; sourceTree = "<group>"; };
		D4DDFFDB0CF0CB6B00F00431 /* OSGWindowEventProducerFields.h */ = {isa = PBXFileReference; fileEncoding = 30; lastKnownFileType = sourcecode.c.h; path = OSGWindowEventProducerFields.h; sourceTree = "<group>"; };
		D4DDFFDC0CF0CB6B00F00431 /* OSGWindowUtils.cpp */ = {isa = PBXFileReference; fileEncoding = 30; lastKnownFileType = sourcecode.cpp.cpp; path = OSGWindowUtils.cpp; sourceTree = "<group>"; };
		D4DDFFDD0CF0CB6B00F00431 /* OSGWindowUtils.h */ = {isa = PBXFileReference; fileEncoding = 30; lastKnownFileType = sourcecode.c.h; path = OSGWindowUtils.h; sourceTree = "<group>"; };
		D4DDFFE10CF0CB6B00F00431 /* OSGWin32WindowEventProducer.cpp */ = {isa = PBXFileReference; fileEncoding = 30; lastKnownFileType = sourcecode.cpp.cpp; path = OSGWin32WindowEventProducer.cpp; sourceTree = "<group>"; };
		D4DDFFE20CF0CB6B00F00431 /* OSGWin32WindowEventProducer.h */ = {isa = PBXFileReference; fileEncoding = 30; lastKnownFileType = sourcecode.c.h; path = OSGWin32WindowEventProducer.h; sourceTree = "<group>"; };
		D4DDFFE30CF0CB6B00F00431 /* OSGWin32WindowEventProducer.inl */ = {isa = PBXFileReference; fileEncoding = 30; lastKnownFileType = text; path = OSGWin32WindowEventProducer.inl; sourceTree = "<group>"; };
		D4DDFFE40CF0CB6B00F00431 /* OSGWin32WindowEventProducerBase.cpp */ = {isa = PBXFileReference; fileEncoding = 30; lastKnownFileType = sourcecode.cpp.cpp; path = OSGWin32WindowEventProducerBase.cpp; sourceTree = "<group>"; };
		D4DDFFE50CF0CB6B00F00431 /* OSGWin32WindowEventProducerBase.h */ = {isa = PBXFileReference; fileEncoding = 30; lastKnownFileType = sourcecode.c.h; path = OSGWin32WindowEventProducerBase.h; sourceTree = "<group>"; };
		D4DDFFE60CF0CB6B00F00431 /* OSGWin32WindowEventProducerBase.inl */ = {isa = PBXFileReference; fileEncoding = 30; lastKnownFileType = text; path = OSGWin32WindowEventProducerBase.inl; sourceTree = "<group>"; };
		D4DDFFE70CF0CB6B00F00431 /* OSGWin32WindowEventProducerFields.h */ = {isa = PBXFileReference; fileEncoding = 30; lastKnownFileType = sourcecode.c.h; path = OSGWin32WindowEventProducerFields.h; sourceTree = "<group>"; };
		D4DDFFE80CF0CB6B00F00431 /* Win32WindowEventProducer.fcd */ = {isa = PBXFileReference; fileEncoding = 30; lastKnownFileType = text.xml; path = Win32WindowEventProducer.fcd; sourceTree = "<group>"; };
		D4DDFFE90CF0CB6B00F00431 /* WindowEventProducer.fcd */ = {isa = PBXFileReference; fileEncoding = 30; lastKnownFileType = text.xml; path = WindowEventProducer.fcd; sourceTree = "<group>"; };
		D4DDFFEB0CF0CB6B00F00431 /* OSGXWindowEventProducer.cpp */ = {isa = PBXFileReference; fileEncoding = 30; lastKnownFileType = sourcecode.cpp.cpp; path = OSGXWindowEventProducer.cpp; sourceTree = "<group>"; };
		D4DDFFEC0CF0CB6B00F00431 /* OSGXWindowEventProducer.h */ = {isa = PBXFileReference; fileEncoding = 30; lastKnownFileType = sourcecode.c.h; path = OSGXWindowEventProducer.h; sourceTree = "<group>"; };
		D4DDFFED0CF0CB6B00F00431 /* OSGXWindowEventProducer.inl */ = {isa = PBXFileReference; fileEncoding = 30; lastKnownFileType = text; path = OSGXWindowEventProducer.inl; sourceTree = "<group>"; };
		D4DDFFEE0CF0CB6B00F00431 /* OSGXWindowEventProducerBase.cpp */ = {isa = PBXFileReference; fileEncoding = 30; lastKnownFileType = sourcecode.cpp.cpp; path = OSGXWindowEventProducerBase.cpp; sourceTree = "<group>"; };
		D4DDFFEF0CF0CB6B00F00431 /* OSGXWindowEventProducerBase.h */ = {isa = PBXFileReference; fileEncoding = 30; lastKnownFileType = sourcecode.c.h; path = OSGXWindowEventProducerBase.h; sourceTree = "<group>"; };
		D4DDFFF00CF0CB6B00F00431 /* OSGXWindowEventProducerBase.inl */ = {isa = PBXFileReference; fileEncoding = 30; lastKnownFileType = text; path = OSGXWindowEventProducerBase.inl; sourceTree = "<group>"; };
		D4DDFFF10CF0CB6B00F00431 /* OSGXWindowEventProducerFields.h */ = {isa = PBXFileReference; fileEncoding = 30; lastKnownFileType = sourcecode.c.h; path = OSGXWindowEventProducerFields.h; sourceTree = "<group>"; };
		D4DDFFF20CF0CB6B00F00431 /* XWindowEventProducer.fcd */ = {isa = PBXFileReference; fileEncoding = 30; lastKnownFileType = text.xml; path = XWindowEventProducer.fcd; sourceTree = "<group>"; };
/* End PBXFileReference section */

/* Begin PBXFrameworksBuildPhase section */
		D2AAC09B05546B4700DB518D /* Frameworks */ = {
			isa = PBXFrameworksBuildPhase;
			buildActionMask = 2147483647;
			files = (
				D4BE3F7B0CF0D0DE0046BAE7 /* Carbon.framework in Frameworks */,
				D4BE3F840CF0D12B0046BAE7 /* AGL.framework in Frameworks */,
				D4BE3F8C0CF0D15C0046BAE7 /* QuickTime.framework in Frameworks */,
			);
			runOnlyForDeploymentPostprocessing = 0;
		};
		D43783710CF0BED30062E3A4 /* Frameworks */ = {
			isa = PBXFrameworksBuildPhase;
			buildActionMask = 2147483647;
			files = (
				D4BE3F7C0CF0D0DE0046BAE7 /* Carbon.framework in Frameworks */,
				D4BE3F850CF0D12B0046BAE7 /* AGL.framework in Frameworks */,
				D4BE3F8D0CF0D15C0046BAE7 /* QuickTime.framework in Frameworks */,
			);
			runOnlyForDeploymentPostprocessing = 0;
		};
		D4BE41060CF0D7A50046BAE7 /* Frameworks */ = {
			isa = PBXFrameworksBuildPhase;
			buildActionMask = 2147483647;
			files = (
				D4BE41110CF0D8570046BAE7 /* QuickTime.framework in Frameworks */,
				D4BE41100CF0D8540046BAE7 /* AGL.framework in Frameworks */,
				D4BE410F0CF0D8500046BAE7 /* Carbon.framework in Frameworks */,
			);
			runOnlyForDeploymentPostprocessing = 0;
		};
/* End PBXFrameworksBuildPhase section */

/* Begin PBXGroup section */
		034768DDFF38A45A11DB9C8B /* Products */ = {
			isa = PBXGroup;
			children = (
				D4DD00950CF0CC3900F00431 /* libOSGInputD.a */,
				D4BE40040CF0D5930046BAE7 /* libOSGInputD.dylib */,
				D4BE41080CF0D7A50046BAE7 /* 03DefaultWindowD */,
			);
			name = Products;
			sourceTree = "<group>";
		};
		0867D691FE84028FC02AAC07 /* OSGToolbox */ = {
			isa = PBXGroup;
			children = (
				08FB77ACFE841707C02AAC07 /* Source */,
				0867D69AFE84028FC02AAC07 /* External Frameworks and Libraries */,
				034768DDFF38A45A11DB9C8B /* Products */,
			);
			name = OSGToolbox;
			sourceTree = "<group>";
		};
		0867D69AFE84028FC02AAC07 /* External Frameworks and Libraries */ = {
			isa = PBXGroup;
			children = (
				D4BE3F8B0CF0D15C0046BAE7 /* QuickTime.framework */,
				D4BE3F830CF0D12B0046BAE7 /* AGL.framework */,
				D4BE3F7A0CF0D0DE0046BAE7 /* Carbon.framework */,
			);
			name = "External Frameworks and Libraries";
			sourceTree = "<group>";
		};
		08FB77ACFE841707C02AAC07 /* Source */ = {
			isa = PBXGroup;
			children = (
				D4BE3FA60CF0D4350046BAE7 /* 03DefaultWindow */,
				D4BE3FA50CF0D4280046BAE7 /* Input */,
			);
			name = Source;
			sourceTree = "<group>";
		};
		D4BE3FA50CF0D4280046BAE7 /* Input */ = {
			isa = PBXGroup;
			children = (
				D4DDFF7D0CF0CB6B00F00431 /* Event */,
				D4DDFFB60CF0CB6B00F00431 /* OSGInputDef.h */,
				D4DDFFB70CF0CB6B00F00431 /* OSGInputSettings.cpp */,
				D4DDFFB80CF0CB6B00F00431 /* OSGInputSettings.h */,
				D4DDFFB90CF0CB6B00F00431 /* OSGInputSettings.inl */,
				D4DDFFBA0CF0CB6B00F00431 /* Utils */,
				D4DDFFBD0CF0CB6B00F00431 /* WindowSystem */,
			);
			name = Input;
			sourceTree = "<group>";
		};
		D4BE3FA60CF0D4350046BAE7 /* 03DefaultWindow */ = {
			isa = PBXGroup;
			children = (
				D4BE40010CF0D56B0046BAE7 /* 03DefaultWindow.cpp */,
			);
			name = 03DefaultWindow;
			sourceTree = "<group>";
		};
		D4DDFF7D0CF0CB6B00F00431 /* Event */ = {
			isa = PBXGroup;
			children = (
				D4DDFF7E0CF0CB6B00F00431 /* OSGEvent.h */,
				D4DDFF7F0CF0CB6B00F00431 /* OSGEvent.inl */,
				D4DDFF800CF0CB6B00F00431 /* OSGEventFactory.cpp */,
				D4DDFF810CF0CB6B00F00431 /* OSGEventFactory.h */,
				D4DDFF820CF0CB6B00F00431 /* OSGEventListener.h */,
				D4DDFF830CF0CB6B00F00431 /* OSGEventProducer.h */,
				D4DDFF840CF0CB6B00F00431 /* OSGEventProducer.inl */,
				D4DDFF850CF0CB6B00F00431 /* OSGEventType.cpp */,
				D4DDFF860CF0CB6B00F00431 /* OSGEventType.h */,
				D4DDFF870CF0CB6B00F00431 /* OSGEventType.inl */,
				D4DDFF880CF0CB6B00F00431 /* OSGFieldChangeEvent.cpp */,
				D4DDFF890CF0CB6B00F00431 /* OSGFieldChangeEvent.h */,
				D4DDFF8A0CF0CB6B00F00431 /* OSGFieldChangeEvent.inl */,
				D4DDFF8B0CF0CB6B00F00431 /* OSGFieldChangeListener.cpp */,
				D4DDFF8C0CF0CB6B00F00431 /* OSGFieldChangeListener.h */,
				D4DDFF8D0CF0CB6B00F00431 /* OSGKeyAdapter.cpp */,
				D4DDFF8E0CF0CB6B00F00431 /* OSGKeyAdapter.h */,
				D4DDFF8F0CF0CB6B00F00431 /* OSGKeyEvent.cpp */,
				D4DDFF900CF0CB6B00F00431 /* OSGKeyEvent.h */,
				D4DDFF910CF0CB6B00F00431 /* OSGKeyEvent.inl */,
				D4DDFF920CF0CB6B00F00431 /* OSGKeyEventProducer.cpp */,
				D4DDFF930CF0CB6B00F00431 /* OSGKeyEventProducer.h */,
				D4DDFF940CF0CB6B00F00431 /* OSGKeyEventProducer.inl */,
				D4DDFF950CF0CB6B00F00431 /* OSGKeyListener.h */,
				D4DDFF960CF0CB6B00F00431 /* OSGMouseAdapter.cpp */,
				D4DDFF970CF0CB6B00F00431 /* OSGMouseAdapter.h */,
				D4DDFF980CF0CB6B00F00431 /* OSGMouseEvent.cpp */,
				D4DDFF990CF0CB6B00F00431 /* OSGMouseEvent.h */,
				D4DDFF9A0CF0CB6B00F00431 /* OSGMouseEvent.inl */,
				D4DDFF9B0CF0CB6B00F00431 /* OSGMouseEventProducer.cpp */,
				D4DDFF9C0CF0CB6B00F00431 /* OSGMouseEventProducer.h */,
				D4DDFF9D0CF0CB6B00F00431 /* OSGMouseEventProducer.inl */,
				D4DDFF9E0CF0CB6B00F00431 /* OSGMouseListener.h */,
				D4DDFF9F0CF0CB6B00F00431 /* OSGMouseMotionAdapter.cpp */,
				D4DDFFA00CF0CB6B00F00431 /* OSGMouseMotionAdapter.h */,
				D4DDFFA10CF0CB6B00F00431 /* OSGMouseMotionEventProducer.cpp */,
				D4DDFFA20CF0CB6B00F00431 /* OSGMouseMotionEventProducer.h */,
				D4DDFFA30CF0CB6B00F00431 /* OSGMouseMotionEventProducer.inl */,
				D4DDFFA40CF0CB6B00F00431 /* OSGMouseMotionListener.h */,
				D4DDFFA50CF0CB6B00F00431 /* OSGMouseWheelEvent.cpp */,
				D4DDFFA60CF0CB6B00F00431 /* OSGMouseWheelEvent.h */,
				D4DDFFA70CF0CB6B00F00431 /* OSGMouseWheelEvent.inl */,
				D4DDFFA80CF0CB6B00F00431 /* OSGMouseWheelEventProducer.cpp */,
				D4DDFFA90CF0CB6B00F00431 /* OSGMouseWheelEventProducer.h */,
				D4DDFFAA0CF0CB6B00F00431 /* OSGMouseWheelEventProducer.inl */,
				D4DDFFAB0CF0CB6B00F00431 /* OSGMouseWheelListener.h */,
				D4DDFFAC0CF0CB6B00F00431 /* OSGUpdateEvent.cpp */,
				D4DDFFAD0CF0CB6B00F00431 /* OSGUpdateEvent.h */,
				D4DDFFAE0CF0CB6B00F00431 /* OSGUpdateEvent.inl */,
				D4DDFFAF0CF0CB6B00F00431 /* OSGUpdateListener.h */,
				D4DDFFB00CF0CB6B00F00431 /* OSGWindowAdapter.cpp */,
				D4DDFFB10CF0CB6B00F00431 /* OSGWindowAdapter.h */,
				D4DDFFB20CF0CB6B00F00431 /* OSGWindowEvent.cpp */,
				D4DDFFB30CF0CB6B00F00431 /* OSGWindowEvent.h */,
				D4DDFFB40CF0CB6B00F00431 /* OSGWindowEvent.inl */,
				D4DDFFB50CF0CB6B00F00431 /* OSGWindowListener.h */,
			);
			name = Event;
			path = ../../src/Event;
			sourceTree = SOURCE_ROOT;
		};
		D4DDFFBA0CF0CB6B00F00431 /* Utils */ = {
			isa = PBXGroup;
			children = (
				D4DDFFBB0CF0CB6B00F00431 /* OSGStringUtils.cpp */,
				D4DDFFBC0CF0CB6B00F00431 /* OSGStringUtils.h */,
			);
			name = Utils;
			path = ../../src/Utils;
			sourceTree = SOURCE_ROOT;
		};
		D4DDFFBD0CF0CB6B00F00431 /* WindowSystem */ = {
			isa = PBXGroup;
			children = (
				D4DDFFBE0CF0CB6B00F00431 /* Carbon */,
				D4DDFFC70CF0CB6B00F00431 /* Cocoa */,
				D4DDFFC80CF0CB6B00F00431 /* CoreGL */,
				D4DDFFC90CF0CB6B00F00431 /* GLUT */,
				D4DDFFD20CF0CB6B00F00431 /* OSGWindowEventProducer.cpp */,
				D4DDFFD30CF0CB6B00F00431 /* OSGWindowEventProducer.h */,
				D4DDFFD40CF0CB6B00F00431 /* OSGWindowEventProducer.inl */,
				D4DDFFD50CF0CB6B00F00431 /* OSGWindowEventProducerBase.cpp */,
				D4DDFFD60CF0CB6B00F00431 /* OSGWindowEventProducerBase.h */,
				D4DDFFD70CF0CB6B00F00431 /* OSGWindowEventProducerBase.inl */,
				D4DDFFD80CF0CB6B00F00431 /* OSGWindowEventProducerFactory.cpp */,
				D4DDFFD90CF0CB6B00F00431 /* OSGWindowEventProducerFactory.h */,
				D4DDFFDA0CF0CB6B00F00431 /* OSGWindowEventProducerFactory.inl */,
				D4DDFFDB0CF0CB6B00F00431 /* OSGWindowEventProducerFields.h */,
				D4DDFFDC0CF0CB6B00F00431 /* OSGWindowUtils.cpp */,
				D4DDFFDD0CF0CB6B00F00431 /* OSGWindowUtils.h */,
				D4DDFFDE0CF0CB6B00F00431 /* QT */,
				D4DDFFDF0CF0CB6B00F00431 /* QT4 */,
				D4DDFFE00CF0CB6B00F00431 /* Win32 */,
				D4DDFFE90CF0CB6B00F00431 /* WindowEventProducer.fcd */,
				D4DDFFEA0CF0CB6B00F00431 /* X */,
			);
			name = WindowSystem;
			path = ../../src/WindowSystem;
			sourceTree = SOURCE_ROOT;
		};
		D4DDFFBE0CF0CB6B00F00431 /* Carbon */ = {
			isa = PBXGroup;
			children = (
				D4DDFFBF0CF0CB6B00F00431 /* CarbonWindowEventProducer.fcd */,
				D4DDFFC00CF0CB6B00F00431 /* OSGCarbonWindowEventProducer.cpp */,
				D4DDFFC10CF0CB6B00F00431 /* OSGCarbonWindowEventProducer.h */,
				D4DDFFC20CF0CB6B00F00431 /* OSGCarbonWindowEventProducer.inl */,
				D4DDFFC30CF0CB6B00F00431 /* OSGCarbonWindowEventProducerBase.cpp */,
				D4DDFFC40CF0CB6B00F00431 /* OSGCarbonWindowEventProducerBase.h */,
				D4DDFFC50CF0CB6B00F00431 /* OSGCarbonWindowEventProducerBase.inl */,
				D4DDFFC60CF0CB6B00F00431 /* OSGCarbonWindowEventProducerFields.h */,
			);
			path = Carbon;
			sourceTree = "<group>";
		};
		D4DDFFC70CF0CB6B00F00431 /* Cocoa */ = {
			isa = PBXGroup;
			children = (
			);
			path = Cocoa;
			sourceTree = "<group>";
		};
		D4DDFFC80CF0CB6B00F00431 /* CoreGL */ = {
			isa = PBXGroup;
			children = (
			);
			path = CoreGL;
			sourceTree = "<group>";
		};
		D4DDFFC90CF0CB6B00F00431 /* GLUT */ = {
			isa = PBXGroup;
			children = (
				D4DDFFCA0CF0CB6B00F00431 /* GLUTWindowEventProducer.fcd */,
				D4DDFFCB0CF0CB6B00F00431 /* OSGGLUTWindowEventProducer.cpp */,
				D4DDFFCC0CF0CB6B00F00431 /* OSGGLUTWindowEventProducer.h */,
				D4DDFFCD0CF0CB6B00F00431 /* OSGGLUTWindowEventProducer.inl */,
				D4DDFFCE0CF0CB6B00F00431 /* OSGGLUTWindowEventProducerBase.cpp */,
				D4DDFFCF0CF0CB6B00F00431 /* OSGGLUTWindowEventProducerBase.h */,
				D4DDFFD00CF0CB6B00F00431 /* OSGGLUTWindowEventProducerBase.inl */,
				D4DDFFD10CF0CB6B00F00431 /* OSGGLUTWindowEventProducerFields.h */,
			);
			path = GLUT;
			sourceTree = "<group>";
		};
		D4DDFFDE0CF0CB6B00F00431 /* QT */ = {
			isa = PBXGroup;
			children = (
			);
			path = QT;
			sourceTree = "<group>";
		};
		D4DDFFDF0CF0CB6B00F00431 /* QT4 */ = {
			isa = PBXGroup;
			children = (
			);
			path = QT4;
			sourceTree = "<group>";
		};
		D4DDFFE00CF0CB6B00F00431 /* Win32 */ = {
			isa = PBXGroup;
			children = (
				D4DDFFE10CF0CB6B00F00431 /* OSGWin32WindowEventProducer.cpp */,
				D4DDFFE20CF0CB6B00F00431 /* OSGWin32WindowEventProducer.h */,
				D4DDFFE30CF0CB6B00F00431 /* OSGWin32WindowEventProducer.inl */,
				D4DDFFE40CF0CB6B00F00431 /* OSGWin32WindowEventProducerBase.cpp */,
				D4DDFFE50CF0CB6B00F00431 /* OSGWin32WindowEventProducerBase.h */,
				D4DDFFE60CF0CB6B00F00431 /* OSGWin32WindowEventProducerBase.inl */,
				D4DDFFE70CF0CB6B00F00431 /* OSGWin32WindowEventProducerFields.h */,
				D4DDFFE80CF0CB6B00F00431 /* Win32WindowEventProducer.fcd */,
			);
			path = Win32;
			sourceTree = "<group>";
		};
		D4DDFFEA0CF0CB6B00F00431 /* X */ = {
			isa = PBXGroup;
			children = (
				D4DDFFEB0CF0CB6B00F00431 /* OSGXWindowEventProducer.cpp */,
				D4DDFFEC0CF0CB6B00F00431 /* OSGXWindowEventProducer.h */,
				D4DDFFED0CF0CB6B00F00431 /* OSGXWindowEventProducer.inl */,
				D4DDFFEE0CF0CB6B00F00431 /* OSGXWindowEventProducerBase.cpp */,
				D4DDFFEF0CF0CB6B00F00431 /* OSGXWindowEventProducerBase.h */,
				D4DDFFF00CF0CB6B00F00431 /* OSGXWindowEventProducerBase.inl */,
				D4DDFFF10CF0CB6B00F00431 /* OSGXWindowEventProducerFields.h */,
				D4DDFFF20CF0CB6B00F00431 /* XWindowEventProducer.fcd */,
			);
			path = X;
			sourceTree = "<group>";
		};
/* End PBXGroup section */

/* Begin PBXHeadersBuildPhase section */
		D2AAC09905546B4700DB518D /* Headers */ = {
			isa = PBXHeadersBuildPhase;
			buildActionMask = 2147483647;
			files = (
				D4DDFFF30CF0CB6B00F00431 /* OSGEvent.h in Headers */,
				D4DDFFF50CF0CB6B00F00431 /* OSGEventFactory.h in Headers */,
				D4DDFFF60CF0CB6B00F00431 /* OSGEventListener.h in Headers */,
				D4DDFFF70CF0CB6B00F00431 /* OSGEventProducer.h in Headers */,
				D4DDFFF90CF0CB6B00F00431 /* OSGEventType.h in Headers */,
				D4DDFFFB0CF0CB6B00F00431 /* OSGFieldChangeEvent.h in Headers */,
				D4DDFFFD0CF0CB6B00F00431 /* OSGFieldChangeListener.h in Headers */,
				D4DDFFFF0CF0CB6B00F00431 /* OSGKeyAdapter.h in Headers */,
				D4DD00010CF0CB6B00F00431 /* OSGKeyEvent.h in Headers */,
				D4DD00030CF0CB6B00F00431 /* OSGKeyEventProducer.h in Headers */,
				D4DD00040CF0CB6B00F00431 /* OSGKeyListener.h in Headers */,
				D4DD00060CF0CB6B00F00431 /* OSGMouseAdapter.h in Headers */,
				D4DD00080CF0CB6B00F00431 /* OSGMouseEvent.h in Headers */,
				D4DD000A0CF0CB6B00F00431 /* OSGMouseEventProducer.h in Headers */,
				D4DD000B0CF0CB6B00F00431 /* OSGMouseListener.h in Headers */,
				D4DD000D0CF0CB6B00F00431 /* OSGMouseMotionAdapter.h in Headers */,
				D4DD000F0CF0CB6B00F00431 /* OSGMouseMotionEventProducer.h in Headers */,
				D4DD00100CF0CB6B00F00431 /* OSGMouseMotionListener.h in Headers */,
				D4DD00120CF0CB6B00F00431 /* OSGMouseWheelEvent.h in Headers */,
				D4DD00140CF0CB6B00F00431 /* OSGMouseWheelEventProducer.h in Headers */,
				D4DD00150CF0CB6B00F00431 /* OSGMouseWheelListener.h in Headers */,
				D4DD00170CF0CB6B00F00431 /* OSGUpdateEvent.h in Headers */,
				D4DD00180CF0CB6B00F00431 /* OSGUpdateListener.h in Headers */,
				D4DD001A0CF0CB6B00F00431 /* OSGWindowAdapter.h in Headers */,
				D4DD001C0CF0CB6B00F00431 /* OSGWindowEvent.h in Headers */,
				D4DD001D0CF0CB6B00F00431 /* OSGWindowListener.h in Headers */,
				D4DD001E0CF0CB6B00F00431 /* OSGInputDef.h in Headers */,
				D4DD00200CF0CB6B00F00431 /* OSGInputSettings.h in Headers */,
				D4DD00220CF0CB6B00F00431 /* OSGStringUtils.h in Headers */,
				D4DD00240CF0CB6B00F00431 /* OSGCarbonWindowEventProducer.h in Headers */,
				D4DD00260CF0CB6B00F00431 /* OSGCarbonWindowEventProducerBase.h in Headers */,
				D4DD00270CF0CB6B00F00431 /* OSGCarbonWindowEventProducerFields.h in Headers */,
				D4DD00290CF0CB6B00F00431 /* OSGGLUTWindowEventProducer.h in Headers */,
				D4DD002B0CF0CB6B00F00431 /* OSGGLUTWindowEventProducerBase.h in Headers */,
				D4DD002C0CF0CB6B00F00431 /* OSGGLUTWindowEventProducerFields.h in Headers */,
				D4DD002E0CF0CB6B00F00431 /* OSGWindowEventProducer.h in Headers */,
				D4DD00300CF0CB6B00F00431 /* OSGWindowEventProducerBase.h in Headers */,
				D4DD00320CF0CB6B00F00431 /* OSGWindowEventProducerFactory.h in Headers */,
				D4DD00330CF0CB6B00F00431 /* OSGWindowEventProducerFields.h in Headers */,
				D4DD00350CF0CB6B00F00431 /* OSGWindowUtils.h in Headers */,
				D4DD00370CF0CB6B00F00431 /* OSGWin32WindowEventProducer.h in Headers */,
				D4DD00390CF0CB6B00F00431 /* OSGWin32WindowEventProducerBase.h in Headers */,
				D4DD003A0CF0CB6B00F00431 /* OSGWin32WindowEventProducerFields.h in Headers */,
				D4DD003C0CF0CB6B00F00431 /* OSGXWindowEventProducer.h in Headers */,
				D4DD003E0CF0CB6B00F00431 /* OSGXWindowEventProducerBase.h in Headers */,
				D4DD003F0CF0CB6B00F00431 /* OSGXWindowEventProducerFields.h in Headers */,
			);
			runOnlyForDeploymentPostprocessing = 0;
		};
		D437835F0CF0BED30062E3A4 /* Headers */ = {
			isa = PBXHeadersBuildPhase;
			buildActionMask = 2147483647;
			files = (
				D4DD00400CF0CB6B00F00431 /* OSGEvent.h in Headers */,
				D4DD00420CF0CB6B00F00431 /* OSGEventFactory.h in Headers */,
				D4DD00430CF0CB6B00F00431 /* OSGEventListener.h in Headers */,
				D4DD00440CF0CB6B00F00431 /* OSGEventProducer.h in Headers */,
				D4DD00460CF0CB6B00F00431 /* OSGEventType.h in Headers */,
				D4DD00480CF0CB6B00F00431 /* OSGFieldChangeEvent.h in Headers */,
				D4DD004A0CF0CB6B00F00431 /* OSGFieldChangeListener.h in Headers */,
				D4DD004C0CF0CB6B00F00431 /* OSGKeyAdapter.h in Headers */,
				D4DD004E0CF0CB6B00F00431 /* OSGKeyEvent.h in Headers */,
				D4DD00500CF0CB6B00F00431 /* OSGKeyEventProducer.h in Headers */,
				D4DD00510CF0CB6B00F00431 /* OSGKeyListener.h in Headers */,
				D4DD00530CF0CB6B00F00431 /* OSGMouseAdapter.h in Headers */,
				D4DD00550CF0CB6B00F00431 /* OSGMouseEvent.h in Headers */,
				D4DD00570CF0CB6B00F00431 /* OSGMouseEventProducer.h in Headers */,
				D4DD00580CF0CB6B00F00431 /* OSGMouseListener.h in Headers */,
				D4DD005A0CF0CB6B00F00431 /* OSGMouseMotionAdapter.h in Headers */,
				D4DD005C0CF0CB6B00F00431 /* OSGMouseMotionEventProducer.h in Headers */,
				D4DD005D0CF0CB6B00F00431 /* OSGMouseMotionListener.h in Headers */,
				D4DD005F0CF0CB6B00F00431 /* OSGMouseWheelEvent.h in Headers */,
				D4DD00610CF0CB6B00F00431 /* OSGMouseWheelEventProducer.h in Headers */,
				D4DD00620CF0CB6B00F00431 /* OSGMouseWheelListener.h in Headers */,
				D4DD00640CF0CB6B00F00431 /* OSGUpdateEvent.h in Headers */,
				D4DD00650CF0CB6B00F00431 /* OSGUpdateListener.h in Headers */,
				D4DD00670CF0CB6B00F00431 /* OSGWindowAdapter.h in Headers */,
				D4DD00690CF0CB6B00F00431 /* OSGWindowEvent.h in Headers */,
				D4DD006A0CF0CB6B00F00431 /* OSGWindowListener.h in Headers */,
				D4DD006B0CF0CB6B00F00431 /* OSGInputDef.h in Headers */,
				D4DD006D0CF0CB6B00F00431 /* OSGInputSettings.h in Headers */,
				D4DD006F0CF0CB6B00F00431 /* OSGStringUtils.h in Headers */,
				D4DD00710CF0CB6B00F00431 /* OSGCarbonWindowEventProducer.h in Headers */,
				D4DD00730CF0CB6B00F00431 /* OSGCarbonWindowEventProducerBase.h in Headers */,
				D4DD00740CF0CB6B00F00431 /* OSGCarbonWindowEventProducerFields.h in Headers */,
				D4DD00760CF0CB6B00F00431 /* OSGGLUTWindowEventProducer.h in Headers */,
				D4DD00780CF0CB6B00F00431 /* OSGGLUTWindowEventProducerBase.h in Headers */,
				D4DD00790CF0CB6B00F00431 /* OSGGLUTWindowEventProducerFields.h in Headers */,
				D4DD007B0CF0CB6B00F00431 /* OSGWindowEventProducer.h in Headers */,
				D4DD007D0CF0CB6B00F00431 /* OSGWindowEventProducerBase.h in Headers */,
				D4DD007F0CF0CB6B00F00431 /* OSGWindowEventProducerFactory.h in Headers */,
				D4DD00800CF0CB6B00F00431 /* OSGWindowEventProducerFields.h in Headers */,
				D4DD00820CF0CB6B00F00431 /* OSGWindowUtils.h in Headers */,
				D4DD00840CF0CB6B00F00431 /* OSGWin32WindowEventProducer.h in Headers */,
				D4DD00860CF0CB6B00F00431 /* OSGWin32WindowEventProducerBase.h in Headers */,
				D4DD00870CF0CB6B00F00431 /* OSGWin32WindowEventProducerFields.h in Headers */,
				D4DD00890CF0CB6B00F00431 /* OSGXWindowEventProducer.h in Headers */,
				D4DD008B0CF0CB6B00F00431 /* OSGXWindowEventProducerBase.h in Headers */,
				D4DD008C0CF0CB6B00F00431 /* OSGXWindowEventProducerFields.h in Headers */,
			);
			runOnlyForDeploymentPostprocessing = 0;
		};
/* End PBXHeadersBuildPhase section */

/* Begin PBXLegacyTarget section */
		D43783460CF0B5090062E3A4 /* OSGInput install Shell Script */ = {
			isa = PBXLegacyTarget;
			buildArgumentsString = "$(COMMON_DIR)/CopyIncludes.sh $(COMMON_DIR) $(SRC_DIR) $(INSTALL_DIR)/include/OpenSG/$(LIB_INCLUDE_DIR_NAME) ";
			buildConfigurationList = D43783470CF0B5CE0062E3A4 /* Build configuration list for PBXLegacyTarget "OSGInput install Shell Script" */;
			buildPhases = (
			);
			buildToolPath = /bin/sh;
			buildWorkingDirectory = .;
			dependencies = (
			);
			name = "OSGInput install Shell Script";
			passBuildSettingsInEnvironment = 1;
			productName = "OSGToolbox install Shell Script";
		};
/* End PBXLegacyTarget section */

/* Begin PBXNativeTarget section */
		D2AAC09C05546B4700DB518D /* OSGInput Dynamic Library */ = {
			isa = PBXNativeTarget;
			buildConfigurationList = 1DEB916008733D950010E9CD /* Build configuration list for PBXNativeTarget "OSGInput Dynamic Library" */;
			buildPhases = (
				D2AAC09905546B4700DB518D /* Headers */,
				D2AAC09B05546B4700DB518D /* Frameworks */,
				D2AAC09A05546B4700DB518D /* Sources */,
			);
			buildRules = (
			);
			dependencies = (
			);
			name = "OSGInput Dynamic Library";
			productName = libOSGToolbox;
			productReference = D4BE40040CF0D5930046BAE7 /* libOSGInputD.dylib */;
			productType = "com.apple.product-type.library.dynamic";
		};
		D437835E0CF0BED30062E3A4 /* OSGInput Static Library */ = {
			isa = PBXNativeTarget;
			buildConfigurationList = D437837C0CF0BED30062E3A4 /* Build configuration list for PBXNativeTarget "OSGInput Static Library" */;
			buildPhases = (
				D437835F0CF0BED30062E3A4 /* Headers */,
				D43783710CF0BED30062E3A4 /* Frameworks */,
				D43783720CF0BED30062E3A4 /* Sources */,
			);
			buildRules = (
			);
			dependencies = (
			);
			name = "OSGInput Static Library";
			productName = libOSGToolbox;
			productReference = D4DD00950CF0CC3900F00431 /* libOSGInputD.a */;
			productType = "com.apple.product-type.library.dynamic";
		};
		D4BE41070CF0D7A50046BAE7 /* 03DefaultWindow */ = {
			isa = PBXNativeTarget;
			buildConfigurationList = D4BE410A0CF0D7D30046BAE7 /* Build configuration list for PBXNativeTarget "03DefaultWindow" */;
			buildPhases = (
				D4BE41050CF0D7A50046BAE7 /* Sources */,
				D4BE41060CF0D7A50046BAE7 /* Frameworks */,
			);
			buildRules = (
			);
			dependencies = (
				D4BE412C0CF0DAFA0046BAE7 /* PBXTargetDependency */,
			);
			name = 03DefaultWindow;
			productName = 03DefaultWindow2;
			productReference = D4BE41080CF0D7A50046BAE7 /* 03DefaultWindowD */;
			productType = "com.apple.product-type.tool";
		};
/* End PBXNativeTarget section */

/* Begin PBXProject section */
		0867D690FE84028FC02AAC07 /* Project object */ = {
			isa = PBXProject;
			buildConfigurationList = 1DEB916408733D950010E9CD /* Build configuration list for PBXProject "OSGInput" */;
			hasScannedForEncodings = 1;
			mainGroup = 0867D691FE84028FC02AAC07 /* OSGToolbox */;
			productRefGroup = 034768DDFF38A45A11DB9C8B /* Products */;
			projectDirPath = "";
			targets = (
				D437832B0CF0B17E0062E3A4 /* OSGInput Aggregate */,
				D2AAC09C05546B4700DB518D /* OSGInput Dynamic Library */,
				D43783460CF0B5090062E3A4 /* OSGInput install Shell Script */,
				D437835E0CF0BED30062E3A4 /* OSGInput Static Library */,
				D4BE41070CF0D7A50046BAE7 /* 03DefaultWindow */,
			);
		};
/* End PBXProject section */

/* Begin PBXSourcesBuildPhase section */
		D2AAC09A05546B4700DB518D /* Sources */ = {
			isa = PBXSourcesBuildPhase;
			buildActionMask = 2147483647;
			files = (
				D4DDFFF40CF0CB6B00F00431 /* OSGEventFactory.cpp in Sources */,
				D4DDFFF80CF0CB6B00F00431 /* OSGEventType.cpp in Sources */,
				D4DDFFFA0CF0CB6B00F00431 /* OSGFieldChangeEvent.cpp in Sources */,
				D4DDFFFC0CF0CB6B00F00431 /* OSGFieldChangeListener.cpp in Sources */,
				D4DDFFFE0CF0CB6B00F00431 /* OSGKeyAdapter.cpp in Sources */,
				D4DD00000CF0CB6B00F00431 /* OSGKeyEvent.cpp in Sources */,
				D4DD00020CF0CB6B00F00431 /* OSGKeyEventProducer.cpp in Sources */,
				D4DD00050CF0CB6B00F00431 /* OSGMouseAdapter.cpp in Sources */,
				D4DD00070CF0CB6B00F00431 /* OSGMouseEvent.cpp in Sources */,
				D4DD00090CF0CB6B00F00431 /* OSGMouseEventProducer.cpp in Sources */,
				D4DD000C0CF0CB6B00F00431 /* OSGMouseMotionAdapter.cpp in Sources */,
				D4DD000E0CF0CB6B00F00431 /* OSGMouseMotionEventProducer.cpp in Sources */,
				D4DD00110CF0CB6B00F00431 /* OSGMouseWheelEvent.cpp in Sources */,
				D4DD00130CF0CB6B00F00431 /* OSGMouseWheelEventProducer.cpp in Sources */,
				D4DD00160CF0CB6B00F00431 /* OSGUpdateEvent.cpp in Sources */,
				D4DD00190CF0CB6B00F00431 /* OSGWindowAdapter.cpp in Sources */,
				D4DD001B0CF0CB6B00F00431 /* OSGWindowEvent.cpp in Sources */,
				D4DD001F0CF0CB6B00F00431 /* OSGInputSettings.cpp in Sources */,
				D4DD00210CF0CB6B00F00431 /* OSGStringUtils.cpp in Sources */,
				D4DD00230CF0CB6B00F00431 /* OSGCarbonWindowEventProducer.cpp in Sources */,
				D4DD00250CF0CB6B00F00431 /* OSGCarbonWindowEventProducerBase.cpp in Sources */,
				D4DD00280CF0CB6B00F00431 /* OSGGLUTWindowEventProducer.cpp in Sources */,
				D4DD002A0CF0CB6B00F00431 /* OSGGLUTWindowEventProducerBase.cpp in Sources */,
				D4DD002D0CF0CB6B00F00431 /* OSGWindowEventProducer.cpp in Sources */,
				D4DD002F0CF0CB6B00F00431 /* OSGWindowEventProducerBase.cpp in Sources */,
				D4DD00310CF0CB6B00F00431 /* OSGWindowEventProducerFactory.cpp in Sources */,
				D4DD00340CF0CB6B00F00431 /* OSGWindowUtils.cpp in Sources */,
				D4DD00360CF0CB6B00F00431 /* OSGWin32WindowEventProducer.cpp in Sources */,
				D4DD00380CF0CB6B00F00431 /* OSGWin32WindowEventProducerBase.cpp in Sources */,
				D4DD003B0CF0CB6B00F00431 /* OSGXWindowEventProducer.cpp in Sources */,
				D4DD003D0CF0CB6B00F00431 /* OSGXWindowEventProducerBase.cpp in Sources */,
			);
			runOnlyForDeploymentPostprocessing = 0;
		};
		D43783720CF0BED30062E3A4 /* Sources */ = {
			isa = PBXSourcesBuildPhase;
			buildActionMask = 2147483647;
			files = (
				D4DD00410CF0CB6B00F00431 /* OSGEventFactory.cpp in Sources */,
				D4DD00450CF0CB6B00F00431 /* OSGEventType.cpp in Sources */,
				D4DD00470CF0CB6B00F00431 /* OSGFieldChangeEvent.cpp in Sources */,
				D4DD00490CF0CB6B00F00431 /* OSGFieldChangeListener.cpp in Sources */,
				D4DD004B0CF0CB6B00F00431 /* OSGKeyAdapter.cpp in Sources */,
				D4DD004D0CF0CB6B00F00431 /* OSGKeyEvent.cpp in Sources */,
				D4DD004F0CF0CB6B00F00431 /* OSGKeyEventProducer.cpp in Sources */,
				D4DD00520CF0CB6B00F00431 /* OSGMouseAdapter.cpp in Sources */,
				D4DD00540CF0CB6B00F00431 /* OSGMouseEvent.cpp in Sources */,
				D4DD00560CF0CB6B00F00431 /* OSGMouseEventProducer.cpp in Sources */,
				D4DD00590CF0CB6B00F00431 /* OSGMouseMotionAdapter.cpp in Sources */,
				D4DD005B0CF0CB6B00F00431 /* OSGMouseMotionEventProducer.cpp in Sources */,
				D4DD005E0CF0CB6B00F00431 /* OSGMouseWheelEvent.cpp in Sources */,
				D4DD00600CF0CB6B00F00431 /* OSGMouseWheelEventProducer.cpp in Sources */,
				D4DD00630CF0CB6B00F00431 /* OSGUpdateEvent.cpp in Sources */,
				D4DD00660CF0CB6B00F00431 /* OSGWindowAdapter.cpp in Sources */,
				D4DD00680CF0CB6B00F00431 /* OSGWindowEvent.cpp in Sources */,
				D4DD006C0CF0CB6B00F00431 /* OSGInputSettings.cpp in Sources */,
				D4DD006E0CF0CB6B00F00431 /* OSGStringUtils.cpp in Sources */,
				D4DD00700CF0CB6B00F00431 /* OSGCarbonWindowEventProducer.cpp in Sources */,
				D4DD00720CF0CB6B00F00431 /* OSGCarbonWindowEventProducerBase.cpp in Sources */,
				D4DD00750CF0CB6B00F00431 /* OSGGLUTWindowEventProducer.cpp in Sources */,
				D4DD00770CF0CB6B00F00431 /* OSGGLUTWindowEventProducerBase.cpp in Sources */,
				D4DD007A0CF0CB6B00F00431 /* OSGWindowEventProducer.cpp in Sources */,
				D4DD007C0CF0CB6B00F00431 /* OSGWindowEventProducerBase.cpp in Sources */,
				D4DD007E0CF0CB6B00F00431 /* OSGWindowEventProducerFactory.cpp in Sources */,
				D4DD00810CF0CB6B00F00431 /* OSGWindowUtils.cpp in Sources */,
				D4DD00830CF0CB6B00F00431 /* OSGWin32WindowEventProducer.cpp in Sources */,
				D4DD00850CF0CB6B00F00431 /* OSGWin32WindowEventProducerBase.cpp in Sources */,
				D4DD00880CF0CB6B00F00431 /* OSGXWindowEventProducer.cpp in Sources */,
				D4DD008A0CF0CB6B00F00431 /* OSGXWindowEventProducerBase.cpp in Sources */,
			);
			runOnlyForDeploymentPostprocessing = 0;
		};
		D4BE41050CF0D7A50046BAE7 /* Sources */ = {
			isa = PBXSourcesBuildPhase;
			buildActionMask = 2147483647;
			files = (
				D4BE41120CF0D8640046BAE7 /* 03DefaultWindow.cpp in Sources */,
			);
			runOnlyForDeploymentPostprocessing = 0;
		};
/* End PBXSourcesBuildPhase section */

/* Begin PBXTargetDependency section */
		D437832D0CF0B1890062E3A4 /* PBXTargetDependency */ = {
			isa = PBXTargetDependency;
			target = D2AAC09C05546B4700DB518D /* OSGInput Dynamic Library */;
			targetProxy = D437832C0CF0B1890062E3A4 /* PBXContainerItemProxy */;
		};
		D43783810CF0BF320062E3A4 /* PBXTargetDependency */ = {
			isa = PBXTargetDependency;
			target = D437835E0CF0BED30062E3A4 /* OSGInput Static Library */;
			targetProxy = D43783800CF0BF320062E3A4 /* PBXContainerItemProxy */;
		};
		D437838A0CF0C07C0062E3A4 /* PBXTargetDependency */ = {
			isa = PBXTargetDependency;
			target = D43783460CF0B5090062E3A4 /* OSGInput install Shell Script */;
			targetProxy = D43783890CF0C07C0062E3A4 /* PBXContainerItemProxy */;
		};
		D4BE412C0CF0DAFA0046BAE7 /* PBXTargetDependency */ = {
			isa = PBXTargetDependency;
			target = D437832B0CF0B17E0062E3A4 /* OSGInput Aggregate */;
			targetProxy = D4BE412B0CF0DAFA0046BAE7 /* PBXContainerItemProxy */;
		};
/* End PBXTargetDependency section */

/* Begin XCBuildConfiguration section */
		1DEB916108733D950010E9CD /* Debug */ = {
			isa = XCBuildConfiguration;
			buildSettings = {
				CONFIGURATION_BUILD_DIR = "$(OSG_TOOLBOX_DIR)/Builds/Apple/lib";
				CONFIGURATION_TEMP_DIR = "$(PROJECT_TEMP_DIR)/dbg";
				DEPLOYMENT_LOCATION = NO;
				FRAMEWORK_SEARCH_PATHS = (
					"$(inherited)",
					"$(FRAMEWORK_SEARCH_PATHS_QUOTED_1)",
				);
				FRAMEWORK_SEARCH_PATHS_QUOTED_1 = "\"$(SYSTEM_DEVELOPER_DIR)/SDKs/MacOSX10.3.9.sdk/System/Library/Frameworks\"";
				GCC_INCREASE_PRECOMPILED_HEADER_SHARING = NO;
				GCC_INPUT_FILETYPE = sourcecode.cpp.cpp;
				GCC_PRECOMPILE_PREFIX_HEADER = NO;
				GCC_PREFIX_HEADER = "";
				HEADER_SEARCH_PATHS = (
					"$(OSGROOT)/include",
					"$(OSG_TOOLBOX_DIR)/$(OSG_TOOLBOX_LIB_NAME)/src",
					"$(OSG_TOOLBOX_DIR)/External/Boost",
				);
				LIBRARY_SEARCH_PATHS = "$(OSGROOT)/lib/dbg";
				OBJROOT = ..;
				OTHER_LDFLAGS = (
					"-lOSGBase",
					"-lOSGSystem",
					"-lOSGWindowCarbon",
				);
				PRECOMPS_INCLUDE_HEADERS_FROM_BUILT_PRODUCTS_DIR = YES;
				PRELINK_LIBS = "";
				PRODUCT_NAME = "libOSG$(OSG_TOOLBOX_LIB_NAME)D";
				SYMROOT = "$(OSG_TOOLBOX_DIR)/Builds/Apple/lib";
			};
			name = Debug;
		};
		1DEB916208733D950010E9CD /* Release */ = {
			isa = XCBuildConfiguration;
			buildSettings = {
				ARCHS = ppc;
				CONFIGURATION_BUILD_DIR = "$(OSG_TOOLBOX_DIR)/Builds/Apple/lib";
				CONFIGURATION_TEMP_DIR = "$(PROJECT_TEMP_DIR)/opt";
				DEBUG_INFORMATION_FORMAT = dwarf;
				FRAMEWORK_SEARCH_PATHS = (
					"$(inherited)",
					"$(FRAMEWORK_SEARCH_PATHS_QUOTED_1)",
				);
				FRAMEWORK_SEARCH_PATHS_QUOTED_1 = "\"$(SYSTEM_DEVELOPER_DIR)/SDKs/MacOSX10.3.9.sdk/System/Library/Frameworks\"";
				GCC_INCREASE_PRECOMPILED_HEADER_SHARING = NO;
				GCC_INPUT_FILETYPE = sourcecode.cpp.cpp;
				GCC_PRECOMPILE_PREFIX_HEADER = NO;
				GCC_PREFIX_HEADER = "";
				HEADER_SEARCH_PATHS = (
					"$(OSGROOT)/include",
					"$(OSG_TOOLBOX_DIR)/$(OSG_TOOLBOX_LIB_NAME)/src",
					"$(OSG_TOOLBOX_DIR)/External/Boost",
				);
				LIBRARY_SEARCH_PATHS = "$(OSGROOT)/lib/opt";
				OBJROOT = ..;
				OTHER_LDFLAGS = (
					"-lOSGBase",
					"-lOSGSystem",
					"-lOSGWindowCarbon",
				);
				PRODUCT_NAME = "libOSG$(OSG_TOOLBOX_LIB_NAME)";
				STRIP_INSTALLED_PRODUCT = YES;
				STRIP_STYLE = "non-global";
				SYMROOT = "$(OSG_TOOLBOX_DIR)/Builds/Apple/lib";
			};
			name = Release;
		};
		1DEB916508733D950010E9CD /* Debug */ = {
			isa = XCBuildConfiguration;
			buildSettings = {
				CONFIGURATION_BUILD_DIR = "$(BUILD_DIR)/dbg";
				CONFIGURATION_TEMP_DIR = "$(BUILD_DIR)/dbg";
				COPY_PHASE_STRIP = NO;
				DEBUG_INFORMATION_FORMAT = dwarf;
				GCC_ENABLE_FIX_AND_CONTINUE = YES;
				GCC_OPTIMIZATION_LEVEL = 0;
				OSGROOT = "/Users/dkabala/Software/OpenSG-1.8-OS10.4";
				OSG_TOOLBOX_DIR = /Users/dkabala/Work/OpenSGToolbox;
				OSG_TOOLBOX_LIB_NAME = Input;
				SYMROOT = ..;
				ZERO_LINK = YES;
			};
			name = Debug;
		};
		1DEB916608733D950010E9CD /* Release */ = {
			isa = XCBuildConfiguration;
			buildSettings = {
				ARCHS = (
					ppc,
					i386,
				);
				CONFIGURATION_BUILD_DIR = "$(BUILD_DIR)/opt";
				CONFIGURATION_TEMP_DIR = "$(BUILD_DIR)/opt";
				DEAD_CODE_STRIPPING = YES;
				DEBUG_INFORMATION_FORMAT = "dwarf-with-dsym";
				OSGROOT = "/Users/dkabala/Software/OpenSG-1.8-OS10.4";
				OSG_TOOLBOX_DIR = /Users/dkabala/Work/OpenSGToolbox;
				OSG_TOOLBOX_LIB_NAME = Input;
				PRESERVE_DEAD_CODE_INITS_AND_TERMS = YES;
				SEPARATE_STRIP = YES;
				SYMROOT = ..;
			};
			name = Release;
		};
		D43783370CF0B2110062E3A4 /* Debug */ = {
			isa = XCBuildConfiguration;
			buildSettings = {
				COPY_PHASE_STRIP = NO;
				GCC_DYNAMIC_NO_PIC = NO;
				GCC_GENERATE_DEBUGGING_SYMBOLS = YES;
				GCC_OPTIMIZATION_LEVEL = 0;
				PRODUCT_NAME = "OSG Toolbox Aggregate";
			};
			name = Debug;
		};
		D43783380CF0B2110062E3A4 /* Release */ = {
			isa = XCBuildConfiguration;
			buildSettings = {
				COPY_PHASE_STRIP = YES;
				GCC_ENABLE_FIX_AND_CONTINUE = NO;
				GCC_GENERATE_DEBUGGING_SYMBOLS = NO;
				PRODUCT_NAME = "OSG Toolbox Aggregate";
				ZERO_LINK = NO;
			};
			name = Release;
		};
		D43783480CF0B5CE0062E3A4 /* Debug */ = {
			isa = XCBuildConfiguration;
			buildSettings = {
				COMMON_DIR = "$(OSG_TOOLBOX_DIR)/Builds/Common";
				INSTALL_DIR = "$(OSG_TOOLBOX_DIR)/Builds/Apple";
				LIB_INCLUDE_DIR_NAME = "$(OSG_TOOLBOX_LIB_NAME)";
				PRODUCT_NAME = Product;
				SRC_DIR = "$(OSG_TOOLBOX_DIR)/$(OSG_TOOLBOX_LIB_NAME)/src";
			};
			name = Debug;
		};
		D43783490CF0B5CE0062E3A4 /* Release */ = {
			isa = XCBuildConfiguration;
			buildSettings = {
				COMMON_DIR = "$(OSG_TOOLBOX_DIR)/Builds/Common";
				INSTALL_DIR = "$(OSG_TOOLBOX_DIR)/Builds/Apple";
				LIB_INCLUDE_DIR_NAME = "$(OSG_TOOLBOX_LIB_NAME)";
				PRODUCT_NAME = Product;
				SRC_DIR = "$(OSG_TOOLBOX_DIR)/$(OSG_TOOLBOX_LIB_NAME)/src";
			};
			name = Release;
		};
		D437837D0CF0BED30062E3A4 /* Debug */ = {
			isa = XCBuildConfiguration;
			buildSettings = {
				CONFIGURATION_BUILD_DIR = "$(OSG_TOOLBOX_DIR)/Builds/Apple/lib";
				CONFIGURATION_TEMP_DIR = "$(PROJECT_TEMP_DIR)/dbg";
				DEPLOYMENT_LOCATION = NO;
				EXECUTABLE_EXTENSION = a;
				FRAMEWORK_SEARCH_PATHS = (
					"$(inherited)",
					"$(FRAMEWORK_SEARCH_PATHS_QUOTED_1)",
				);
				FRAMEWORK_SEARCH_PATHS_QUOTED_1 = "\"$(SYSTEM_DEVELOPER_DIR)/SDKs/MacOSX10.3.9.sdk/System/Library/Frameworks\"";
				GCC_INCREASE_PRECOMPILED_HEADER_SHARING = NO;
				GCC_INPUT_FILETYPE = sourcecode.cpp.cpp;
				GCC_PRECOMPILE_PREFIX_HEADER = NO;
				GCC_PREFIX_HEADER = "";
				HEADER_SEARCH_PATHS = (
					"$(OSGROOT)/include",
					"$(OSG_TOOLBOX_DIR)/$(OSG_TOOLBOX_LIB_NAME)/src",
					"$(OSG_TOOLBOX_DIR)/External/Boost",
				);
				LIBRARY_SEARCH_PATHS = "$(OSGROOT)/lib/dbg";
				MACH_O_TYPE = staticlib;
				OBJROOT = ..;
				OTHER_LDFLAGS = "";
				PRECOMPS_INCLUDE_HEADERS_FROM_BUILT_PRODUCTS_DIR = YES;
				PRELINK_LIBS = "";
				PRODUCT_NAME = "libOSG$(OSG_TOOLBOX_LIB_NAME)D";
				SYMROOT = "$(OSG_TOOLBOX_DIR)/Builds/Apple/lib";
			};
			name = Debug;
		};
		D437837E0CF0BED30062E3A4 /* Release */ = {
			isa = XCBuildConfiguration;
			buildSettings = {
				CONFIGURATION_BUILD_DIR = "$(OSG_TOOLBOX_DIR)/Builds/Apple/lib";
				CONFIGURATION_TEMP_DIR = "$(PROJECT_TEMP_DIR)/opt";
				DEBUG_INFORMATION_FORMAT = dwarf;
				EXECUTABLE_EXTENSION = a;
				FRAMEWORK_SEARCH_PATHS = (
					"$(inherited)",
					"$(FRAMEWORK_SEARCH_PATHS_QUOTED_1)",
				);
				FRAMEWORK_SEARCH_PATHS_QUOTED_1 = "\"$(SYSTEM_DEVELOPER_DIR)/SDKs/MacOSX10.3.9.sdk/System/Library/Frameworks\"";
				GCC_INCREASE_PRECOMPILED_HEADER_SHARING = NO;
				GCC_INPUT_FILETYPE = sourcecode.cpp.cpp;
				GCC_PRECOMPILE_PREFIX_HEADER = NO;
				GCC_PREFIX_HEADER = "";
				HEADER_SEARCH_PATHS = (
					"$(OSGROOT)/include",
					"$(OSG_TOOLBOX_DIR)/$(OSG_TOOLBOX_LIB_NAME)/src",
					"$(OSG_TOOLBOX_DIR)/External/Boost",
				);
				LIBRARY_SEARCH_PATHS = "$(OSGROOT)/lib/opt";
				MACH_O_TYPE = staticlib;
				OBJROOT = ..;
				OTHER_LDFLAGS = "";
				PRODUCT_NAME = "libOSG$(OSG_TOOLBOX_LIB_NAME)";
				STRIP_INSTALLED_PRODUCT = YES;
				STRIP_STYLE = "non-global";
				SYMROOT = "$(OSG_TOOLBOX_DIR)/Builds/Apple/lib";
			};
			name = Release;
		};
		D4BE410B0CF0D7D30046BAE7 /* Debug */ = {
			isa = XCBuildConfiguration;
			buildSettings = {
				CONFIGURATION_BUILD_DIR = "$(BUILD_DIR)";
				CONFIGURATION_TEMP_DIR = "$(BUILD_DIR)";
				COPY_PHASE_STRIP = NO;
				FRAMEWORK_SEARCH_PATHS = (
					"$(inherited)",
					"$(FRAMEWORK_SEARCH_PATHS_QUOTED_1)",
				);
				FRAMEWORK_SEARCH_PATHS_QUOTED_1 = "\"$(SYSTEM_DEVELOPER_DIR)/SDKs/MacOSX10.3.9.sdk/System/Library/Frameworks\"";
				GCC_DYNAMIC_NO_PIC = NO;
				GCC_ENABLE_FIX_AND_CONTINUE = YES;
				GCC_GENERATE_DEBUGGING_SYMBOLS = YES;
				GCC_MODEL_TUNING = G5;
				GCC_OPTIMIZATION_LEVEL = 0;
				HEADER_SEARCH_PATHS = (
					"$(OSGROOT)/include",
					"$(OSG_TOOLBOX_DIR)/$(OSG_TOOLBOX_LIB_NAME)/src",
					"$(OSG_TOOLBOX_DIR)/External/Boost",
					"$(OSG_TOOLBOX_DIR)/Builds/Apple/include",
				);
				INSTALL_PATH = "$(HOME)/bin";
				LIBRARY_SEARCH_PATHS = (
					"$(OSGROOT)/lib/dbg",
					"$(OSG_TOOLBOX_DIR)/Builds/Apple/lib",
				);
				MACH_O_TYPE = mh_execute;
				OTHER_LDFLAGS = (
					"-lOSGBase",
					"-lOSGSystem",
					"-lOSGWindowCarbon",
					"-lOSG$(OSG_TOOLBOX_LIB_NAME)D",
				);
				PREBINDING = NO;
				PRODUCT_NAME = 03DefaultWindowD;
				SYMROOT = "$(OSG_TOOLBOX_DIR)/$(OSG_TOOLBOX_LIB_NAME)/Tutorials";
				ZERO_LINK = NO;
			};
			name = Debug;
		};
		D4BE410C0CF0D7D30046BAE7 /* Release */ = {
			isa = XCBuildConfiguration;
			buildSettings = {
				ARCHS = ppc;
				CONFIGURATION_BUILD_DIR = "$(BUILD_DIR)";
				CONFIGURATION_TEMP_DIR = "$(BUILD_DIR)";
				COPY_PHASE_STRIP = YES;
				DEBUG_INFORMATION_FORMAT = dwarf;
				FRAMEWORK_SEARCH_PATHS = (
					"$(inherited)",
					"$(FRAMEWORK_SEARCH_PATHS_QUOTED_1)",
				);
				FRAMEWORK_SEARCH_PATHS_QUOTED_1 = "\"$(SYSTEM_DEVELOPER_DIR)/SDKs/MacOSX10.3.9.sdk/System/Library/Frameworks\"";
				GCC_ENABLE_FIX_AND_CONTINUE = NO;
				GCC_GENERATE_DEBUGGING_SYMBOLS = NO;
				GCC_MODEL_TUNING = G5;
				HEADER_SEARCH_PATHS = (
					"$(OSGROOT)/include",
					"$(OSG_TOOLBOX_DIR)/$(OSG_TOOLBOX_LIB_NAME)/src",
					"$(OSG_TOOLBOX_DIR)/External/Boost",
					"$(OSG_TOOLBOX_DIR)/Builds/Apple/include",
				);
				INSTALL_PATH = "$(HOME)/bin";
				LIBRARY_SEARCH_PATHS = (
					"$(OSGROOT)/lib/opt",
					"$(OSG_TOOLBOX_DIR)/Builds/Apple/lib",
				);
				MACH_O_TYPE = mh_execute;
				OTHER_LDFLAGS = (
					"-lOSGBase",
					"-lOSGSystem",
					"-lOSGWindowCarbon",
					"-lOSG$(OSG_TOOLBOX_LIB_NAME)",
				);
				PREBINDING = NO;
				PRODUCT_NAME = 03DefaultWindow;
				SYMROOT = "$(OSG_TOOLBOX_DIR)/$(OSG_TOOLBOX_LIB_NAME)/Tutorials";
				ZERO_LINK = NO;
			};
			name = Release;
		};
/* End XCBuildConfiguration section */

/* Begin XCConfigurationList section */
		1DEB916008733D950010E9CD /* Build configuration list for PBXNativeTarget "OSGInput Dynamic Library" */ = {
			isa = XCConfigurationList;
			buildConfigurations = (
				1DEB916108733D950010E9CD /* Debug */,
				1DEB916208733D950010E9CD /* Release */,
			);
			defaultConfigurationIsVisible = 0;
			defaultConfigurationName = Release;
		};
		1DEB916408733D950010E9CD /* Build configuration list for PBXProject "OSGInput" */ = {
			isa = XCConfigurationList;
			buildConfigurations = (
				1DEB916508733D950010E9CD /* Debug */,
				1DEB916608733D950010E9CD /* Release */,
			);
			defaultConfigurationIsVisible = 0;
			defaultConfigurationName = Release;
		};
		D43783360CF0B2110062E3A4 /* Build configuration list for PBXAggregateTarget "OSGInput Aggregate" */ = {
			isa = XCConfigurationList;
			buildConfigurations = (
				D43783370CF0B2110062E3A4 /* Debug */,
				D43783380CF0B2110062E3A4 /* Release */,
			);
			defaultConfigurationIsVisible = 0;
			defaultConfigurationName = Release;
		};
		D43783470CF0B5CE0062E3A4 /* Build configuration list for PBXLegacyTarget "OSGInput install Shell Script" */ = {
			isa = XCConfigurationList;
			buildConfigurations = (
				D43783480CF0B5CE0062E3A4 /* Debug */,
				D43783490CF0B5CE0062E3A4 /* Release */,
			);
			defaultConfigurationIsVisible = 0;
			defaultConfigurationName = Release;
		};
		D437837C0CF0BED30062E3A4 /* Build configuration list for PBXNativeTarget "OSGInput Static Library" */ = {
			isa = XCConfigurationList;
			buildConfigurations = (
				D437837D0CF0BED30062E3A4 /* Debug */,
				D437837E0CF0BED30062E3A4 /* Release */,
			);
			defaultConfigurationIsVisible = 0;
			defaultConfigurationName = Release;
		};
		D4BE410A0CF0D7D30046BAE7 /* Build configuration list for PBXNativeTarget "03DefaultWindow" */ = {
			isa = XCConfigurationList;
			buildConfigurations = (
				D4BE410B0CF0D7D30046BAE7 /* Debug */,
				D4BE410C0CF0D7D30046BAE7 /* Release */,
			);
			defaultConfigurationIsVisible = 0;
			defaultConfigurationName = Release;
		};
/* End XCConfigurationList section */
	};
	rootObject = 0867D690FE84028FC02AAC07 /* Project object */;
}
