Microsoft Visual Studio Solution File, Format Version 8.00
Project("{8BC9CEB8-8B4A-11D0-8D11-00A0C91BC942}") = "XXTesting", "XXTesting.vcproj", "{77623743-1948-4AC4-8227-7FF6072BD16F}"
	ProjectSection(ProjectDependencies) = postProject
		{A174CC91-1700-4B4F-B193-1E7FAB4C59CA} = {A174CC91-1700-4B4F-B193-1E7FAB4C59CA}
	EndProjectSection
EndProject
Project("{8BC9CEB8-8B4A-11D0-8D11-00A0C91BC942}") = "OSGParticleSystem", "..\Builds\Windows\OSGParticleSystem.vcproj", "{A174CC91-1700-4B4F-B193-1E7FAB4C59CA}"
	ProjectSection(ProjectDependencies) = postProject
		{61151B1E-8A6D-465E-8C71-7E1578BA2393} = {61151B1E-8A6D-465E-8C71-7E1578BA2393}
	EndProjectSection
EndProject
Project("{8BC9CEB8-8B4A-11D0-8D11-00A0C91BC942}") = "OSGInput", "..\..\Input\Builds\Windows\OSGInput.vcproj", "{61151B1E-8A6D-465E-8C71-7E1578BA2393}"
	ProjectSection(ProjectDependencies) = postProject
	EndProjectSection
EndProject
Global
	GlobalSection(SolutionConfiguration) = preSolution
		Debug = Debug
		Release = Release
	EndGlobalSection
	GlobalSection(ProjectConfiguration) = postSolution
		{77623743-1948-4AC4-8227-7FF6072BD16F}.Debug.ActiveCfg = Debug|Win32
		{77623743-1948-4AC4-8227-7FF6072BD16F}.Debug.Build.0 = Debug|Win32
		{77623743-1948-4AC4-8227-7FF6072BD16F}.Release.ActiveCfg = Release|Win32
		{77623743-1948-4AC4-8227-7FF6072BD16F}.Release.Build.0 = Release|Win32
		{A174CC91-1700-4B4F-B193-1E7FAB4C59CA}.Debug.ActiveCfg = Debug|Win32
		{A174CC91-1700-4B4F-B193-1E7FAB4C59CA}.Debug.Build.0 = Debug|Win32
		{A174CC91-1700-4B4F-B193-1E7FAB4C59CA}.Release.ActiveCfg = Release|Win32
		{A174CC91-1700-4B4F-B193-1E7FAB4C59CA}.Release.Build.0 = Release|Win32
		{61151B1E-8A6D-465E-8C71-7E1578BA2393}.Debug.ActiveCfg = Debug|Win32
		{61151B1E-8A6D-465E-8C71-7E1578BA2393}.Debug.Build.0 = Debug|Win32
		{61151B1E-8A6D-465E-8C71-7E1578BA2393}.Release.ActiveCfg = Release|Win32
		{61151B1E-8A6D-465E-8C71-7E1578BA2393}.Release.Build.0 = Release|Win32
	EndGlobalSection
	GlobalSection(ExtensibilityGlobals) = postSolution
	EndGlobalSection
	GlobalSection(ExtensibilityAddIns) = postSolution
	EndGlobalSection
EndGlobal
